// !$*UTF8*$!
{
	archiveVersion = 1;
	classes = {
	};
	objectVersion = 50;
	objects = {

/* Begin PBXBuildFile section */
		444474B53F253119F0611F78 /* Pods_FormUsingStackviewTests.framework in Frameworks */ = {isa = PBXBuildFile; fileRef = 56FF1E71A6F9BA03B38BA924 /* Pods_FormUsingStackviewTests.framework */; };
		69A33B0C6CB07AF258674E43 /* Pods_FormUsingStackviewUITests.framework in Frameworks */ = {isa = PBXBuildFile; fileRef = 7E6F849B88ED596F5346516F /* Pods_FormUsingStackviewUITests.framework */; };
		8BCCF8ACE32AD9976165A93A /* Pods_FormUsingStackview.framework in Frameworks */ = {isa = PBXBuildFile; fileRef = 3676DF65839C838E154D5F3E /* Pods_FormUsingStackview.framework */; };
		A4160BC921B2E257005947A6 /* AppDelegate.swift in Sources */ = {isa = PBXBuildFile; fileRef = A4160BC821B2E257005947A6 /* AppDelegate.swift */; };
		A4160BCB21B2E257005947A6 /* ViewController.swift in Sources */ = {isa = PBXBuildFile; fileRef = A4160BCA21B2E257005947A6 /* ViewController.swift */; };
		A4160BCE21B2E257005947A6 /* Main.storyboard in Resources */ = {isa = PBXBuildFile; fileRef = A4160BCC21B2E257005947A6 /* Main.storyboard */; };
		A4160BD021B2E258005947A6 /* Assets.xcassets in Resources */ = {isa = PBXBuildFile; fileRef = A4160BCF21B2E258005947A6 /* Assets.xcassets */; };
		A4160BD321B2E258005947A6 /* LaunchScreen.storyboard in Resources */ = {isa = PBXBuildFile; fileRef = A4160BD121B2E258005947A6 /* LaunchScreen.storyboard */; };
		A4160BDE21B2E258005947A6 /* FormUsingStackviewTests.swift in Sources */ = {isa = PBXBuildFile; fileRef = A4160BDD21B2E258005947A6 /* FormUsingStackviewTests.swift */; };
		A4160BE921B2E258005947A6 /* FormUsingStackviewUITests.swift in Sources */ = {isa = PBXBuildFile; fileRef = A4160BE821B2E258005947A6 /* FormUsingStackviewUITests.swift */; };
/* End PBXBuildFile section */

/* Begin PBXContainerItemProxy section */
		A4160BDA21B2E258005947A6 /* PBXContainerItemProxy */ = {
			isa = PBXContainerItemProxy;
			containerPortal = A4160BBD21B2E257005947A6 /* Project object */;
			proxyType = 1;
			remoteGlobalIDString = A4160BC421B2E257005947A6;
			remoteInfo = FormUsingStackview;
		};
		A4160BE521B2E258005947A6 /* PBXContainerItemProxy */ = {
			isa = PBXContainerItemProxy;
			containerPortal = A4160BBD21B2E257005947A6 /* Project object */;
			proxyType = 1;
			remoteGlobalIDString = A4160BC421B2E257005947A6;
			remoteInfo = FormUsingStackview;
		};
/* End PBXContainerItemProxy section */

/* Begin PBXFileReference section */
		074A263DEC5CF3210319B97D /* Pods-FormUsingStackviewTests.debug.xcconfig */ = {isa = PBXFileReference; includeInIndex = 1; lastKnownFileType = text.xcconfig; name = "Pods-FormUsingStackviewTests.debug.xcconfig"; path = "Pods/Target Support Files/Pods-FormUsingStackviewTests/Pods-FormUsingStackviewTests.debug.xcconfig"; sourceTree = "<group>"; };
		3676DF65839C838E154D5F3E /* Pods_FormUsingStackview.framework */ = {isa = PBXFileReference; explicitFileType = wrapper.framework; includeInIndex = 0; path = Pods_FormUsingStackview.framework; sourceTree = BUILT_PRODUCTS_DIR; };
		46F0C3069FDEAEAEDB59E7A8 /* Pods-FormUsingStackviewTests.release.xcconfig */ = {isa = PBXFileReference; includeInIndex = 1; lastKnownFileType = text.xcconfig; name = "Pods-FormUsingStackviewTests.release.xcconfig"; path = "Pods/Target Support Files/Pods-FormUsingStackviewTests/Pods-FormUsingStackviewTests.release.xcconfig"; sourceTree = "<group>"; };
		56FF1E71A6F9BA03B38BA924 /* Pods_FormUsingStackviewTests.framework */ = {isa = PBXFileReference; explicitFileType = wrapper.framework; includeInIndex = 0; path = Pods_FormUsingStackviewTests.framework; sourceTree = BUILT_PRODUCTS_DIR; };
		760BDBB09A184532DD1528F0 /* Pods-FormUsingStackview.release.xcconfig */ = {isa = PBXFileReference; includeInIndex = 1; lastKnownFileType = text.xcconfig; name = "Pods-FormUsingStackview.release.xcconfig"; path = "Pods/Target Support Files/Pods-FormUsingStackview/Pods-FormUsingStackview.release.xcconfig"; sourceTree = "<group>"; };
		7DAE8FD9F16D019CA75E5D1C /* Pods-FormUsingStackviewUITests.debug.xcconfig */ = {isa = PBXFileReference; includeInIndex = 1; lastKnownFileType = text.xcconfig; name = "Pods-FormUsingStackviewUITests.debug.xcconfig"; path = "Pods/Target Support Files/Pods-FormUsingStackviewUITests/Pods-FormUsingStackviewUITests.debug.xcconfig"; sourceTree = "<group>"; };
		7E6F849B88ED596F5346516F /* Pods_FormUsingStackviewUITests.framework */ = {isa = PBXFileReference; explicitFileType = wrapper.framework; includeInIndex = 0; path = Pods_FormUsingStackviewUITests.framework; sourceTree = BUILT_PRODUCTS_DIR; };
		A2F3D1038121A4B3B884E9E9 /* Pods-FormUsingStackviewUITests.release.xcconfig */ = {isa = PBXFileReference; includeInIndex = 1; lastKnownFileType = text.xcconfig; name = "Pods-FormUsingStackviewUITests.release.xcconfig"; path = "Pods/Target Support Files/Pods-FormUsingStackviewUITests/Pods-FormUsingStackviewUITests.release.xcconfig"; sourceTree = "<group>"; };
		A4160BC521B2E257005947A6 /* FormUsingStackview.app */ = {isa = PBXFileReference; explicitFileType = wrapper.application; includeInIndex = 0; path = FormUsingStackview.app; sourceTree = BUILT_PRODUCTS_DIR; };
		A4160BC821B2E257005947A6 /* AppDelegate.swift */ = {isa = PBXFileReference; lastKnownFileType = sourcecode.swift; path = AppDelegate.swift; sourceTree = "<group>"; };
		A4160BCA21B2E257005947A6 /* ViewController.swift */ = {isa = PBXFileReference; lastKnownFileType = sourcecode.swift; path = ViewController.swift; sourceTree = "<group>"; };
		A4160BCD21B2E257005947A6 /* Base */ = {isa = PBXFileReference; lastKnownFileType = file.storyboard; name = Base; path = Base.lproj/Main.storyboard; sourceTree = "<group>"; };
		A4160BCF21B2E258005947A6 /* Assets.xcassets */ = {isa = PBXFileReference; lastKnownFileType = folder.assetcatalog; path = Assets.xcassets; sourceTree = "<group>"; };
		A4160BD221B2E258005947A6 /* Base */ = {isa = PBXFileReference; lastKnownFileType = file.storyboard; name = Base; path = Base.lproj/LaunchScreen.storyboard; sourceTree = "<group>"; };
		A4160BD421B2E258005947A6 /* Info.plist */ = {isa = PBXFileReference; lastKnownFileType = text.plist.xml; path = Info.plist; sourceTree = "<group>"; };
		A4160BD921B2E258005947A6 /* FormUsingStackviewTests.xctest */ = {isa = PBXFileReference; explicitFileType = wrapper.cfbundle; includeInIndex = 0; path = FormUsingStackviewTests.xctest; sourceTree = BUILT_PRODUCTS_DIR; };
		A4160BDD21B2E258005947A6 /* FormUsingStackviewTests.swift */ = {isa = PBXFileReference; lastKnownFileType = sourcecode.swift; path = FormUsingStackviewTests.swift; sourceTree = "<group>"; };
		A4160BDF21B2E258005947A6 /* Info.plist */ = {isa = PBXFileReference; lastKnownFileType = text.plist.xml; path = Info.plist; sourceTree = "<group>"; };
		A4160BE421B2E258005947A6 /* FormUsingStackviewUITests.xctest */ = {isa = PBXFileReference; explicitFileType = wrapper.cfbundle; includeInIndex = 0; path = FormUsingStackviewUITests.xctest; sourceTree = BUILT_PRODUCTS_DIR; };
		A4160BE821B2E258005947A6 /* FormUsingStackviewUITests.swift */ = {isa = PBXFileReference; lastKnownFileType = sourcecode.swift; path = FormUsingStackviewUITests.swift; sourceTree = "<group>"; };
		A4160BEA21B2E258005947A6 /* Info.plist */ = {isa = PBXFileReference; lastKnownFileType = text.plist.xml; path = Info.plist; sourceTree = "<group>"; };
		B009FE4F21C3AD7800C82C93 /* FormUsingStackview.entitlements */ = {isa = PBXFileReference; lastKnownFileType = text.plist.entitlements; path = FormUsingStackview.entitlements; sourceTree = "<group>"; };
		E32EF0C3A44398E2727C2F3A /* Pods-FormUsingStackview.debug.xcconfig */ = {isa = PBXFileReference; includeInIndex = 1; lastKnownFileType = text.xcconfig; name = "Pods-FormUsingStackview.debug.xcconfig"; path = "Pods/Target Support Files/Pods-FormUsingStackview/Pods-FormUsingStackview.debug.xcconfig"; sourceTree = "<group>"; };
/* End PBXFileReference section */

/* Begin PBXFrameworksBuildPhase section */
		A4160BC221B2E257005947A6 /* Frameworks */ = {
			isa = PBXFrameworksBuildPhase;
			buildActionMask = 2147483647;
			files = (
				8BCCF8ACE32AD9976165A93A /* Pods_FormUsingStackview.framework in Frameworks */,
			);
			runOnlyForDeploymentPostprocessing = 0;
		};
		A4160BD621B2E258005947A6 /* Frameworks */ = {
			isa = PBXFrameworksBuildPhase;
			buildActionMask = 2147483647;
			files = (
				444474B53F253119F0611F78 /* Pods_FormUsingStackviewTests.framework in Frameworks */,
			);
			runOnlyForDeploymentPostprocessing = 0;
		};
		A4160BE121B2E258005947A6 /* Frameworks */ = {
			isa = PBXFrameworksBuildPhase;
			buildActionMask = 2147483647;
			files = (
				69A33B0C6CB07AF258674E43 /* Pods_FormUsingStackviewUITests.framework in Frameworks */,
			);
			runOnlyForDeploymentPostprocessing = 0;
		};
/* End PBXFrameworksBuildPhase section */

/* Begin PBXGroup section */
		918E978F938AC0A80215775C /* Pods */ = {
			isa = PBXGroup;
			children = (
				E32EF0C3A44398E2727C2F3A /* Pods-FormUsingStackview.debug.xcconfig */,
				760BDBB09A184532DD1528F0 /* Pods-FormUsingStackview.release.xcconfig */,
				074A263DEC5CF3210319B97D /* Pods-FormUsingStackviewTests.debug.xcconfig */,
				46F0C3069FDEAEAEDB59E7A8 /* Pods-FormUsingStackviewTests.release.xcconfig */,
				7DAE8FD9F16D019CA75E5D1C /* Pods-FormUsingStackviewUITests.debug.xcconfig */,
				A2F3D1038121A4B3B884E9E9 /* Pods-FormUsingStackviewUITests.release.xcconfig */,
			);
			name = Pods;
			sourceTree = "<group>";
		};
		A4160BBC21B2E257005947A6 = {
			isa = PBXGroup;
			children = (
				A4160BC721B2E257005947A6 /* FormUsingStackview */,
				A4160BDC21B2E258005947A6 /* FormUsingStackviewTests */,
				A4160BE721B2E258005947A6 /* FormUsingStackviewUITests */,
				A4160BC621B2E257005947A6 /* Products */,
				918E978F938AC0A80215775C /* Pods */,
				F1017FA875B9A83BB1DE95B5 /* Frameworks */,
			);
			sourceTree = "<group>";
		};
		A4160BC621B2E257005947A6 /* Products */ = {
			isa = PBXGroup;
			children = (
				A4160BC521B2E257005947A6 /* FormUsingStackview.app */,
				A4160BD921B2E258005947A6 /* FormUsingStackviewTests.xctest */,
				A4160BE421B2E258005947A6 /* FormUsingStackviewUITests.xctest */,
			);
			name = Products;
			sourceTree = "<group>";
		};
		A4160BC721B2E257005947A6 /* FormUsingStackview */ = {
			isa = PBXGroup;
			children = (
				B009FE4F21C3AD7800C82C93 /* FormUsingStackview.entitlements */,
				A4160BC821B2E257005947A6 /* AppDelegate.swift */,
				A4160BCA21B2E257005947A6 /* ViewController.swift */,
				A4160BCC21B2E257005947A6 /* Main.storyboard */,
				A4160BCF21B2E258005947A6 /* Assets.xcassets */,
				A4160BD121B2E258005947A6 /* LaunchScreen.storyboard */,
				A4160BD421B2E258005947A6 /* Info.plist */,
			);
			path = FormUsingStackview;
			sourceTree = "<group>";
		};
		A4160BDC21B2E258005947A6 /* FormUsingStackviewTests */ = {
			isa = PBXGroup;
			children = (
				A4160BDD21B2E258005947A6 /* FormUsingStackviewTests.swift */,
				A4160BDF21B2E258005947A6 /* Info.plist */,
			);
			path = FormUsingStackviewTests;
			sourceTree = "<group>";
		};
		A4160BE721B2E258005947A6 /* FormUsingStackviewUITests */ = {
			isa = PBXGroup;
			children = (
				A4160BE821B2E258005947A6 /* FormUsingStackviewUITests.swift */,
				A4160BEA21B2E258005947A6 /* Info.plist */,
			);
			path = FormUsingStackviewUITests;
			sourceTree = "<group>";
		};
		F1017FA875B9A83BB1DE95B5 /* Frameworks */ = {
			isa = PBXGroup;
			children = (
				3676DF65839C838E154D5F3E /* Pods_FormUsingStackview.framework */,
				56FF1E71A6F9BA03B38BA924 /* Pods_FormUsingStackviewTests.framework */,
				7E6F849B88ED596F5346516F /* Pods_FormUsingStackviewUITests.framework */,
			);
			name = Frameworks;
			sourceTree = "<group>";
		};
/* End PBXGroup section */

/* Begin PBXNativeTarget section */
		A4160BC421B2E257005947A6 /* FormUsingStackview */ = {
			isa = PBXNativeTarget;
			buildConfigurationList = A4160BED21B2E258005947A6 /* Build configuration list for PBXNativeTarget "FormUsingStackview" */;
			buildPhases = (
				FEA5D9A834DC10B40EB3CDF4 /* [CP] Check Pods Manifest.lock */,
				A4160BC121B2E257005947A6 /* Sources */,
				A4160BC221B2E257005947A6 /* Frameworks */,
				A4160BC321B2E257005947A6 /* Resources */,
				8AE1DAA258EEE6B8C707824D /* [CP] Embed Pods Frameworks */,
			);
			buildRules = (
			);
			dependencies = (
			);
			name = FormUsingStackview;
			productName = FormUsingStackview;
			productReference = A4160BC521B2E257005947A6 /* FormUsingStackview.app */;
			productType = "com.apple.product-type.application";
		};
		A4160BD821B2E258005947A6 /* FormUsingStackviewTests */ = {
			isa = PBXNativeTarget;
			buildConfigurationList = A4160BF021B2E258005947A6 /* Build configuration list for PBXNativeTarget "FormUsingStackviewTests" */;
			buildPhases = (
				4C99CC09F0417EC5EA1E9BAE /* [CP] Check Pods Manifest.lock */,
				A4160BD521B2E258005947A6 /* Sources */,
				A4160BD621B2E258005947A6 /* Frameworks */,
				A4160BD721B2E258005947A6 /* Resources */,
			);
			buildRules = (
			);
			dependencies = (
				A4160BDB21B2E258005947A6 /* PBXTargetDependency */,
			);
			name = FormUsingStackviewTests;
			productName = FormUsingStackviewTests;
			productReference = A4160BD921B2E258005947A6 /* FormUsingStackviewTests.xctest */;
			productType = "com.apple.product-type.bundle.unit-test";
		};
		A4160BE321B2E258005947A6 /* FormUsingStackviewUITests */ = {
			isa = PBXNativeTarget;
			buildConfigurationList = A4160BF321B2E258005947A6 /* Build configuration list for PBXNativeTarget "FormUsingStackviewUITests" */;
			buildPhases = (
				C8EA31B37E62E97E9AB8D360 /* [CP] Check Pods Manifest.lock */,
				A4160BE021B2E258005947A6 /* Sources */,
				A4160BE121B2E258005947A6 /* Frameworks */,
				A4160BE221B2E258005947A6 /* Resources */,
			);
			buildRules = (
			);
			dependencies = (
				A4160BE621B2E258005947A6 /* PBXTargetDependency */,
			);
			name = FormUsingStackviewUITests;
			productName = FormUsingStackviewUITests;
			productReference = A4160BE421B2E258005947A6 /* FormUsingStackviewUITests.xctest */;
			productType = "com.apple.product-type.bundle.ui-testing";
		};
/* End PBXNativeTarget section */

/* Begin PBXProject section */
		A4160BBD21B2E257005947A6 /* Project object */ = {
			isa = PBXProject;
			attributes = {
				LastSwiftUpdateCheck = 1010;
				LastUpgradeCheck = 1010;
				ORGANIZATIONNAME = "Raghu ram mahathi";
				TargetAttributes = {
					A4160BC421B2E257005947A6 = {
						CreatedOnToolsVersion = 10.1;
						SystemCapabilities = {
							com.apple.Push = {
								enabled = 0;
							};
						};
					};
					A4160BD821B2E258005947A6 = {
						CreatedOnToolsVersion = 10.1;
						TestTargetID = A4160BC421B2E257005947A6;
					};
					A4160BE321B2E258005947A6 = {
						CreatedOnToolsVersion = 10.1;
						TestTargetID = A4160BC421B2E257005947A6;
					};
				};
			};
			buildConfigurationList = A4160BC021B2E257005947A6 /* Build configuration list for PBXProject "FormUsingStackview" */;
			compatibilityVersion = "Xcode 9.3";
			developmentRegion = en;
			hasScannedForEncodings = 0;
			knownRegions = (
				en,
				Base,
			);
			mainGroup = A4160BBC21B2E257005947A6;
			productRefGroup = A4160BC621B2E257005947A6 /* Products */;
			projectDirPath = "";
			projectRoot = "";
			targets = (
				A4160BC421B2E257005947A6 /* FormUsingStackview */,
				A4160BD821B2E258005947A6 /* FormUsingStackviewTests */,
				A4160BE321B2E258005947A6 /* FormUsingStackviewUITests */,
			);
		};
/* End PBXProject section */

/* Begin PBXResourcesBuildPhase section */
		A4160BC321B2E257005947A6 /* Resources */ = {
			isa = PBXResourcesBuildPhase;
			buildActionMask = 2147483647;
			files = (
				A4160BD321B2E258005947A6 /* LaunchScreen.storyboard in Resources */,
				A4160BD021B2E258005947A6 /* Assets.xcassets in Resources */,
				A4160BCE21B2E257005947A6 /* Main.storyboard in Resources */,
			);
			runOnlyForDeploymentPostprocessing = 0;
		};
		A4160BD721B2E258005947A6 /* Resources */ = {
			isa = PBXResourcesBuildPhase;
			buildActionMask = 2147483647;
			files = (
			);
			runOnlyForDeploymentPostprocessing = 0;
		};
		A4160BE221B2E258005947A6 /* Resources */ = {
			isa = PBXResourcesBuildPhase;
			buildActionMask = 2147483647;
			files = (
			);
			runOnlyForDeploymentPostprocessing = 0;
		};
/* End PBXResourcesBuildPhase section */

/* Begin PBXShellScriptBuildPhase section */
		4C99CC09F0417EC5EA1E9BAE /* [CP] Check Pods Manifest.lock */ = {
			isa = PBXShellScriptBuildPhase;
			buildActionMask = 2147483647;
			files = (
			);
			inputFileListPaths = (
			);
			inputPaths = (
				"${PODS_PODFILE_DIR_PATH}/Podfile.lock",
				"${PODS_ROOT}/Manifest.lock",
			);
			name = "[CP] Check Pods Manifest.lock";
			outputFileListPaths = (
			);
			outputPaths = (
				"$(DERIVED_FILE_DIR)/Pods-FormUsingStackviewTests-checkManifestLockResult.txt",
			);
			runOnlyForDeploymentPostprocessing = 0;
			shellPath = /bin/sh;
			shellScript = "diff \"${PODS_PODFILE_DIR_PATH}/Podfile.lock\" \"${PODS_ROOT}/Manifest.lock\" > /dev/null\nif [ $? != 0 ] ; then\n    # print error to STDERR\n    echo \"error: The sandbox is not in sync with the Podfile.lock. Run 'pod install' or update your CocoaPods installation.\" >&2\n    exit 1\nfi\n# This output is used by Xcode 'outputs' to avoid re-running this script phase.\necho \"SUCCESS\" > \"${SCRIPT_OUTPUT_FILE_0}\"\n";
			showEnvVarsInLog = 0;
		};
		8AE1DAA258EEE6B8C707824D /* [CP] Embed Pods Frameworks */ = {
			isa = PBXShellScriptBuildPhase;
			buildActionMask = 2147483647;
			files = (
			);
			inputFileListPaths = (
			);
			inputPaths = (
				"${SRCROOT}/Pods/Target Support Files/Pods-FormUsingStackview/Pods-FormUsingStackview-frameworks.sh",
				"${BUILT_PRODUCTS_DIR}/IQKeyboardManagerSwift/IQKeyboardManagerSwift.framework",
			);
			name = "[CP] Embed Pods Frameworks";
			outputFileListPaths = (
			);
			outputPaths = (
				"${TARGET_BUILD_DIR}/${FRAMEWORKS_FOLDER_PATH}/IQKeyboardManagerSwift.framework",
			);
			runOnlyForDeploymentPostprocessing = 0;
			shellPath = /bin/sh;
			shellScript = "\"${SRCROOT}/Pods/Target Support Files/Pods-FormUsingStackview/Pods-FormUsingStackview-frameworks.sh\"\n";
			showEnvVarsInLog = 0;
		};
		C8EA31B37E62E97E9AB8D360 /* [CP] Check Pods Manifest.lock */ = {
			isa = PBXShellScriptBuildPhase;
			buildActionMask = 2147483647;
			files = (
			);
			inputFileListPaths = (
			);
			inputPaths = (
				"${PODS_PODFILE_DIR_PATH}/Podfile.lock",
				"${PODS_ROOT}/Manifest.lock",
			);
			name = "[CP] Check Pods Manifest.lock";
			outputFileListPaths = (
			);
			outputPaths = (
				"$(DERIVED_FILE_DIR)/Pods-FormUsingStackviewUITests-checkManifestLockResult.txt",
			);
			runOnlyForDeploymentPostprocessing = 0;
			shellPath = /bin/sh;
			shellScript = "diff \"${PODS_PODFILE_DIR_PATH}/Podfile.lock\" \"${PODS_ROOT}/Manifest.lock\" > /dev/null\nif [ $? != 0 ] ; then\n    # print error to STDERR\n    echo \"error: The sandbox is not in sync with the Podfile.lock. Run 'pod install' or update your CocoaPods installation.\" >&2\n    exit 1\nfi\n# This output is used by Xcode 'outputs' to avoid re-running this script phase.\necho \"SUCCESS\" > \"${SCRIPT_OUTPUT_FILE_0}\"\n";
			showEnvVarsInLog = 0;
		};
		FEA5D9A834DC10B40EB3CDF4 /* [CP] Check Pods Manifest.lock */ = {
			isa = PBXShellScriptBuildPhase;
			buildActionMask = 2147483647;
			files = (
			);
			inputFileListPaths = (
			);
			inputPaths = (
				"${PODS_PODFILE_DIR_PATH}/Podfile.lock",
				"${PODS_ROOT}/Manifest.lock",
			);
			name = "[CP] Check Pods Manifest.lock";
			outputFileListPaths = (
			);
			outputPaths = (
				"$(DERIVED_FILE_DIR)/Pods-FormUsingStackview-checkManifestLockResult.txt",
			);
			runOnlyForDeploymentPostprocessing = 0;
			shellPath = /bin/sh;
			shellScript = "diff \"${PODS_PODFILE_DIR_PATH}/Podfile.lock\" \"${PODS_ROOT}/Manifest.lock\" > /dev/null\nif [ $? != 0 ] ; then\n    # print error to STDERR\n    echo \"error: The sandbox is not in sync with the Podfile.lock. Run 'pod install' or update your CocoaPods installation.\" >&2\n    exit 1\nfi\n# This output is used by Xcode 'outputs' to avoid re-running this script phase.\necho \"SUCCESS\" > \"${SCRIPT_OUTPUT_FILE_0}\"\n";
			showEnvVarsInLog = 0;
		};
/* End PBXShellScriptBuildPhase section */

/* Begin PBXSourcesBuildPhase section */
		A4160BC121B2E257005947A6 /* Sources */ = {
			isa = PBXSourcesBuildPhase;
			buildActionMask = 2147483647;
			files = (
				A4160BCB21B2E257005947A6 /* ViewController.swift in Sources */,
				A4160BC921B2E257005947A6 /* AppDelegate.swift in Sources */,
			);
			runOnlyForDeploymentPostprocessing = 0;
		};
		A4160BD521B2E258005947A6 /* Sources */ = {
			isa = PBXSourcesBuildPhase;
			buildActionMask = 2147483647;
			files = (
				A4160BDE21B2E258005947A6 /* FormUsingStackviewTests.swift in Sources */,
			);
			runOnlyForDeploymentPostprocessing = 0;
		};
		A4160BE021B2E258005947A6 /* Sources */ = {
			isa = PBXSourcesBuildPhase;
			buildActionMask = 2147483647;
			files = (
				A4160BE921B2E258005947A6 /* FormUsingStackviewUITests.swift in Sources */,
			);
			runOnlyForDeploymentPostprocessing = 0;
		};
/* End PBXSourcesBuildPhase section */

/* Begin PBXTargetDependency section */
		A4160BDB21B2E258005947A6 /* PBXTargetDependency */ = {
			isa = PBXTargetDependency;
			target = A4160BC421B2E257005947A6 /* FormUsingStackview */;
			targetProxy = A4160BDA21B2E258005947A6 /* PBXContainerItemProxy */;
		};
		A4160BE621B2E258005947A6 /* PBXTargetDependency */ = {
			isa = PBXTargetDependency;
			target = A4160BC421B2E257005947A6 /* FormUsingStackview */;
			targetProxy = A4160BE521B2E258005947A6 /* PBXContainerItemProxy */;
		};
/* End PBXTargetDependency section */

/* Begin PBXVariantGroup section */
		A4160BCC21B2E257005947A6 /* Main.storyboard */ = {
			isa = PBXVariantGroup;
			children = (
				A4160BCD21B2E257005947A6 /* Base */,
			);
			name = Main.storyboard;
			sourceTree = "<group>";
		};
		A4160BD121B2E258005947A6 /* LaunchScreen.storyboard */ = {
			isa = PBXVariantGroup;
			children = (
				A4160BD221B2E258005947A6 /* Base */,
			);
			name = LaunchScreen.storyboard;
			sourceTree = "<group>";
		};
/* End PBXVariantGroup section */

/* Begin XCBuildConfiguration section */
		A4160BEB21B2E258005947A6 /* Debug */ = {
			isa = XCBuildConfiguration;
			buildSettings = {
				ALWAYS_SEARCH_USER_PATHS = NO;
				CLANG_ANALYZER_NONNULL = YES;
				CLANG_ANALYZER_NUMBER_OBJECT_CONVERSION = YES_AGGRESSIVE;
				CLANG_CXX_LANGUAGE_STANDARD = "gnu++14";
				CLANG_CXX_LIBRARY = "libc++";
				CLANG_ENABLE_MODULES = YES;
				CLANG_ENABLE_OBJC_ARC = YES;
				CLANG_ENABLE_OBJC_WEAK = YES;
				CLANG_WARN_BLOCK_CAPTURE_AUTORELEASING = YES;
				CLANG_WARN_BOOL_CONVERSION = YES;
				CLANG_WARN_COMMA = YES;
				CLANG_WARN_CONSTANT_CONVERSION = YES;
				CLANG_WARN_DEPRECATED_OBJC_IMPLEMENTATIONS = YES;
				CLANG_WARN_DIRECT_OBJC_ISA_USAGE = YES_ERROR;
				CLANG_WARN_DOCUMENTATION_COMMENTS = YES;
				CLANG_WARN_EMPTY_BODY = YES;
				CLANG_WARN_ENUM_CONVERSION = YES;
				CLANG_WARN_INFINITE_RECURSION = YES;
				CLANG_WARN_INT_CONVERSION = YES;
				CLANG_WARN_NON_LITERAL_NULL_CONVERSION = YES;
				CLANG_WARN_OBJC_IMPLICIT_RETAIN_SELF = YES;
				CLANG_WARN_OBJC_LITERAL_CONVERSION = YES;
				CLANG_WARN_OBJC_ROOT_CLASS = YES_ERROR;
				CLANG_WARN_RANGE_LOOP_ANALYSIS = YES;
				CLANG_WARN_STRICT_PROTOTYPES = YES;
				CLANG_WARN_SUSPICIOUS_MOVE = YES;
				CLANG_WARN_UNGUARDED_AVAILABILITY = YES_AGGRESSIVE;
				CLANG_WARN_UNREACHABLE_CODE = YES;
				CLANG_WARN__DUPLICATE_METHOD_MATCH = YES;
				CODE_SIGN_IDENTITY = "iPhone Developer";
				COPY_PHASE_STRIP = NO;
				DEBUG_INFORMATION_FORMAT = dwarf;
				ENABLE_STRICT_OBJC_MSGSEND = YES;
				ENABLE_TESTABILITY = YES;
				GCC_C_LANGUAGE_STANDARD = gnu11;
				GCC_DYNAMIC_NO_PIC = NO;
				GCC_NO_COMMON_BLOCKS = YES;
				GCC_OPTIMIZATION_LEVEL = 0;
				GCC_PREPROCESSOR_DEFINITIONS = (
					"DEBUG=1",
					"$(inherited)",
				);
				GCC_WARN_64_TO_32_BIT_CONVERSION = YES;
				GCC_WARN_ABOUT_RETURN_TYPE = YES_ERROR;
				GCC_WARN_UNDECLARED_SELECTOR = YES;
				GCC_WARN_UNINITIALIZED_AUTOS = YES_AGGRESSIVE;
				GCC_WARN_UNUSED_FUNCTION = YES;
				GCC_WARN_UNUSED_VARIABLE = YES;
				IPHONEOS_DEPLOYMENT_TARGET = 12.1;
				MTL_ENABLE_DEBUG_INFO = INCLUDE_SOURCE;
				MTL_FAST_MATH = YES;
				ONLY_ACTIVE_ARCH = YES;
				SDKROOT = iphoneos;
				SWIFT_ACTIVE_COMPILATION_CONDITIONS = DEBUG;
				SWIFT_OPTIMIZATION_LEVEL = "-Onone";
			};
			name = Debug;
		};
		A4160BEC21B2E258005947A6 /* Release */ = {
			isa = XCBuildConfiguration;
			buildSettings = {
				ALWAYS_SEARCH_USER_PATHS = NO;
				CLANG_ANALYZER_NONNULL = YES;
				CLANG_ANALYZER_NUMBER_OBJECT_CONVERSION = YES_AGGRESSIVE;
				CLANG_CXX_LANGUAGE_STANDARD = "gnu++14";
				CLANG_CXX_LIBRARY = "libc++";
				CLANG_ENABLE_MODULES = YES;
				CLANG_ENABLE_OBJC_ARC = YES;
				CLANG_ENABLE_OBJC_WEAK = YES;
				CLANG_WARN_BLOCK_CAPTURE_AUTORELEASING = YES;
				CLANG_WARN_BOOL_CONVERSION = YES;
				CLANG_WARN_COMMA = YES;
				CLANG_WARN_CONSTANT_CONVERSION = YES;
				CLANG_WARN_DEPRECATED_OBJC_IMPLEMENTATIONS = YES;
				CLANG_WARN_DIRECT_OBJC_ISA_USAGE = YES_ERROR;
				CLANG_WARN_DOCUMENTATION_COMMENTS = YES;
				CLANG_WARN_EMPTY_BODY = YES;
				CLANG_WARN_ENUM_CONVERSION = YES;
				CLANG_WARN_INFINITE_RECURSION = YES;
				CLANG_WARN_INT_CONVERSION = YES;
				CLANG_WARN_NON_LITERAL_NULL_CONVERSION = YES;
				CLANG_WARN_OBJC_IMPLICIT_RETAIN_SELF = YES;
				CLANG_WARN_OBJC_LITERAL_CONVERSION = YES;
				CLANG_WARN_OBJC_ROOT_CLASS = YES_ERROR;
				CLANG_WARN_RANGE_LOOP_ANALYSIS = YES;
				CLANG_WARN_STRICT_PROTOTYPES = YES;
				CLANG_WARN_SUSPICIOUS_MOVE = YES;
				CLANG_WARN_UNGUARDED_AVAILABILITY = YES_AGGRESSIVE;
				CLANG_WARN_UNREACHABLE_CODE = YES;
				CLANG_WARN__DUPLICATE_METHOD_MATCH = YES;
				CODE_SIGN_IDENTITY = "iPhone Developer";
				COPY_PHASE_STRIP = NO;
				DEBUG_INFORMATION_FORMAT = "dwarf-with-dsym";
				ENABLE_NS_ASSERTIONS = NO;
				ENABLE_STRICT_OBJC_MSGSEND = YES;
				GCC_C_LANGUAGE_STANDARD = gnu11;
				GCC_NO_COMMON_BLOCKS = YES;
				GCC_WARN_64_TO_32_BIT_CONVERSION = YES;
				GCC_WARN_ABOUT_RETURN_TYPE = YES_ERROR;
				GCC_WARN_UNDECLARED_SELECTOR = YES;
				GCC_WARN_UNINITIALIZED_AUTOS = YES_AGGRESSIVE;
				GCC_WARN_UNUSED_FUNCTION = YES;
				GCC_WARN_UNUSED_VARIABLE = YES;
				IPHONEOS_DEPLOYMENT_TARGET = 12.1;
				MTL_ENABLE_DEBUG_INFO = NO;
				MTL_FAST_MATH = YES;
				SDKROOT = iphoneos;
				SWIFT_COMPILATION_MODE = wholemodule;
				SWIFT_OPTIMIZATION_LEVEL = "-O";
				VALIDATE_PRODUCT = YES;
			};
			name = Release;
		};
		A4160BEE21B2E258005947A6 /* Debug */ = {
			isa = XCBuildConfiguration;
			baseConfigurationReference = E32EF0C3A44398E2727C2F3A /* Pods-FormUsingStackview.debug.xcconfig */;
			buildSettings = {
				ASSETCATALOG_COMPILER_APPICON_NAME = AppIcon;
				CODE_SIGN_STYLE = Automatic;
				DEVELOPMENT_TEAM = WC72QNYT4F;
				INFOPLIST_FILE = FormUsingStackview/Info.plist;
				IPHONEOS_DEPLOYMENT_TARGET = 11.0;
				LD_RUNPATH_SEARCH_PATHS = (
					"$(inherited)",
					"@executable_path/Frameworks",
				);
				PRODUCT_BUNDLE_IDENTIFIER = sunarc.FormUsingStackview;
				PRODUCT_NAME = "$(TARGET_NAME)";
				SWIFT_VERSION = 4.2;
				TARGETED_DEVICE_FAMILY = "1,2";
			};
			name = Debug;
		};
		A4160BEF21B2E258005947A6 /* Release */ = {
			isa = XCBuildConfiguration;
			baseConfigurationReference = 760BDBB09A184532DD1528F0 /* Pods-FormUsingStackview.release.xcconfig */;
			buildSettings = {
				ASSETCATALOG_COMPILER_APPICON_NAME = AppIcon;
				CODE_SIGN_STYLE = Automatic;
				DEVELOPMENT_TEAM = WC72QNYT4F;
				INFOPLIST_FILE = FormUsingStackview/Info.plist;
				IPHONEOS_DEPLOYMENT_TARGET = 11.0;
				LD_RUNPATH_SEARCH_PATHS = (
					"$(inherited)",
					"@executable_path/Frameworks",
				);
				PRODUCT_BUNDLE_IDENTIFIER = sunarc.FormUsingStackview;
				PRODUCT_NAME = "$(TARGET_NAME)";
				SWIFT_VERSION = 4.2;
				TARGETED_DEVICE_FAMILY = "1,2";
			};
			name = Release;
		};
		A4160BF121B2E258005947A6 /* Debug */ = {
			isa = XCBuildConfiguration;
			baseConfigurationReference = 074A263DEC5CF3210319B97D /* Pods-FormUsingStackviewTests.debug.xcconfig */;
			buildSettings = {
				ALWAYS_EMBED_SWIFT_STANDARD_LIBRARIES = YES;
				BUNDLE_LOADER = "$(TEST_HOST)";
				CODE_SIGN_STYLE = Automatic;
				INFOPLIST_FILE = FormUsingStackviewTests/Info.plist;
				LD_RUNPATH_SEARCH_PATHS = (
					"$(inherited)",
					"@executable_path/Frameworks",
					"@loader_path/Frameworks",
				);
				PRODUCT_BUNDLE_IDENTIFIER = sunarc.FormUsingStackviewTests;
				PRODUCT_NAME = "$(TARGET_NAME)";
				SWIFT_VERSION = 4.2;
				TARGETED_DEVICE_FAMILY = "1,2";
				TEST_HOST = "$(BUILT_PRODUCTS_DIR)/FormUsingStackview.app/FormUsingStackview";
			};
			name = Debug;
		};
		A4160BF221B2E258005947A6 /* Release */ = {
			isa = XCBuildConfiguration;
			baseConfigurationReference = 46F0C3069FDEAEAEDB59E7A8 /* Pods-FormUsingStackviewTests.release.xcconfig */;
			buildSettings = {
				ALWAYS_EMBED_SWIFT_STANDARD_LIBRARIES = YES;
				BUNDLE_LOADER = "$(TEST_HOST)";
				CODE_SIGN_STYLE = Automatic;
				INFOPLIST_FILE = FormUsingStackviewTests/Info.plist;
				LD_RUNPATH_SEARCH_PATHS = (
					"$(inherited)",
					"@executable_path/Frameworks",
					"@loader_path/Frameworks",
				);
				PRODUCT_BUNDLE_IDENTIFIER = sunarc.FormUsingStackviewTests;
				PRODUCT_NAME = "$(TARGET_NAME)";
				SWIFT_VERSION = 4.2;
				TARGETED_DEVICE_FAMILY = "1,2";
				TEST_HOST = "$(BUILT_PRODUCTS_DIR)/FormUsingStackview.app/FormUsingStackview";
			};
			name = Release;
		};
		A4160BF421B2E258005947A6 /* Debug */ = {
			isa = XCBuildConfiguration;
			baseConfigurationReference = 7DAE8FD9F16D019CA75E5D1C /* Pods-FormUsingStackviewUITests.debug.xcconfig */;
			buildSettings = {
				ALWAYS_EMBED_SWIFT_STANDARD_LIBRARIES = YES;
				CODE_SIGN_STYLE = Automatic;
				INFOPLIST_FILE = FormUsingStackviewUITests/Info.plist;
				LD_RUNPATH_SEARCH_PATHS = (
					"$(inherited)",
					"@executable_path/Frameworks",
					"@loader_path/Frameworks",
				);
				PRODUCT_BUNDLE_IDENTIFIER = sunarc.FormUsingStackviewUITests;
				PRODUCT_NAME = "$(TARGET_NAME)";
				SWIFT_VERSION = 4.2;
				TARGETED_DEVICE_FAMILY = "1,2";
				TEST_TARGET_NAME = FormUsingStackview;
			};
			name = Debug;
		};
		A4160BF521B2E258005947A6 /* Release */ = {
			isa = XCBuildConfiguration;
			baseConfigurationReference = A2F3D1038121A4B3B884E9E9 /* Pods-FormUsingStackviewUITests.release.xcconfig */;
			buildSettings = {
				ALWAYS_EMBED_SWIFT_STANDARD_LIBRARIES = YES;
				CODE_SIGN_STYLE = Automatic;
				INFOPLIST_FILE = FormUsingStackviewUITests/Info.plist;
				LD_RUNPATH_SEARCH_PATHS = (
					"$(inherited)",
					"@executable_path/Frameworks",
					"@loader_path/Frameworks",
				);
				PRODUCT_BUNDLE_IDENTIFIER = sunarc.FormUsingStackviewUITests;
				PRODUCT_NAME = "$(TARGET_NAME)";
				SWIFT_VERSION = 4.2;
				TARGETED_DEVICE_FAMILY = "1,2";
				TEST_TARGET_NAME = FormUsingStackview;
			};
			name = Release;
		};
/* End XCBuildConfiguration section */

/* Begin XCConfigurationList section */
		A4160BC021B2E257005947A6 /* Build configuration list for PBXProject "FormUsingStackview" */ = {
			isa = XCConfigurationList;
			buildConfigurations = (
				A4160BEB21B2E258005947A6 /* Debug */,
				A4160BEC21B2E258005947A6 /* Release */,
			);
			defaultConfigurationIsVisible = 0;
			defaultConfigurationName = Release;
		};
		A4160BED21B2E258005947A6 /* Build configuration list for PBXNativeTarget "FormUsingStackview" */ = {
			isa = XCConfigurationList;
			buildConfigurations = (
				A4160BEE21B2E258005947A6 /* Debug */,
				A4160BEF21B2E258005947A6 /* Release */,
			);
			defaultConfigurationIsVisible = 0;
			defaultConfigurationName = Release;
		};
		A4160BF021B2E258005947A6 /* Build configuration list for PBXNativeTarget "FormUsingStackviewTests" */ = {
			isa = XCConfigurationList;
			buildConfigurations = (
				A4160BF121B2E258005947A6 /* Debug */,
				A4160BF221B2E258005947A6 /* Release */,
			);
			defaultConfigurationIsVisible = 0;
			defaultConfigurationName = Release;
		};
		A4160BF321B2E258005947A6 /* Build configuration list for PBXNativeTarget "FormUsingStackviewUITests" */ = {
			isa = XCConfigurationList;
			buildConfigurations = (
				A4160BF421B2E258005947A6 /* Debug */,
				A4160BF521B2E258005947A6 /* Release */,
			);
			defaultConfigurationIsVisible = 0;
			defaultConfigurationName = Release;
		};
/* End XCConfigurationList section */
	};
	rootObject = A4160BBD21B2E257005947A6 /* Project object */;
}
