// !$*UTF8*$!
{
	archiveVersion = 1;
	classes = {
	};
	objectVersion = 50;
	objects = {

/* Begin PBXBuildFile section */
		B001E5FE21E0B86B00AFC1CB /* newLike.png in Resources */ = {isa = PBXBuildFile; fileRef = B001E5FD21E0B86A00AFC1CB /* newLike.png */; };
		B001E60021E0BA7500AFC1CB /* icon copy.png in Resources */ = {isa = PBXBuildFile; fileRef = B001E5FF21E0BA7500AFC1CB /* icon copy.png */; };
		B001E60121E0BAEE00AFC1CB /* newLiked.png in Resources */ = {isa = PBXBuildFile; fileRef = B03FE12F21DF49FD0020F990 /* newLiked.png */; };
		B03FE11E21DF3E570020F990 /* AppDelegate.swift in Sources */ = {isa = PBXBuildFile; fileRef = B03FE11D21DF3E570020F990 /* AppDelegate.swift */; };
		B03FE12021DF3E570020F990 /* ViewController.swift in Sources */ = {isa = PBXBuildFile; fileRef = B03FE11F21DF3E570020F990 /* ViewController.swift */; };
		B03FE12321DF3E570020F990 /* Main.storyboard in Resources */ = {isa = PBXBuildFile; fileRef = B03FE12121DF3E570020F990 /* Main.storyboard */; };
		B03FE12521DF3E590020F990 /* Assets.xcassets in Resources */ = {isa = PBXBuildFile; fileRef = B03FE12421DF3E590020F990 /* Assets.xcassets */; };
		B03FE12821DF3E590020F990 /* LaunchScreen.storyboard in Resources */ = {isa = PBXBuildFile; fileRef = B03FE12621DF3E590020F990 /* LaunchScreen.storyboard */; };
		B03FE13821DF5D690020F990 /* UserNotifications.framework in Frameworks */ = {isa = PBXBuildFile; fileRef = B03FE13721DF5D690020F990 /* UserNotifications.framework */; };
		B03FE13A21DF5D6A0020F990 /* UserNotificationsUI.framework in Frameworks */ = {isa = PBXBuildFile; fileRef = B03FE13921DF5D6A0020F990 /* UserNotificationsUI.framework */; };
		B03FE13D21DF5D6A0020F990 /* NotificationViewController.swift in Sources */ = {isa = PBXBuildFile; fileRef = B03FE13C21DF5D6A0020F990 /* NotificationViewController.swift */; };
		B03FE14021DF5D6A0020F990 /* MainInterface.storyboard in Resources */ = {isa = PBXBuildFile; fileRef = B03FE13E21DF5D6A0020F990 /* MainInterface.storyboard */; };
		B03FE14421DF5D6A0020F990 /* Notification content app extension.appex in Embed App Extensions */ = {isa = PBXBuildFile; fileRef = B03FE13521DF5D690020F990 /* Notification content app extension.appex */; settings = {ATTRIBUTES = (RemoveHeadersOnCopy, ); }; };
		B03FE14A21DF68380020F990 /* AppDelegateExtension.swift in Sources */ = {isa = PBXBuildFile; fileRef = B03FE14921DF68380020F990 /* AppDelegateExtension.swift */; };
/* End PBXBuildFile section */

/* Begin PBXContainerItemProxy section */
		B03FE14221DF5D6A0020F990 /* PBXContainerItemProxy */ = {
			isa = PBXContainerItemProxy;
			containerPortal = B03FE11221DF3E570020F990 /* Project object */;
			proxyType = 1;
			remoteGlobalIDString = B03FE13421DF5D690020F990;
			remoteInfo = "Notification content app extension";
		};
/* End PBXContainerItemProxy section */

/* Begin PBXCopyFilesBuildPhase section */
		B03FE14821DF5D6A0020F990 /* Embed App Extensions */ = {
			isa = PBXCopyFilesBuildPhase;
			buildActionMask = 2147483647;
			dstPath = "";
			dstSubfolderSpec = 13;
			files = (
				B03FE14421DF5D6A0020F990 /* Notification content app extension.appex in Embed App Extensions */,
			);
			name = "Embed App Extensions";
			runOnlyForDeploymentPostprocessing = 0;
		};
/* End PBXCopyFilesBuildPhase section */

/* Begin PBXFileReference section */
		B001E5FD21E0B86A00AFC1CB /* newLike.png */ = {isa = PBXFileReference; lastKnownFileType = image.png; path = newLike.png; sourceTree = "<group>"; };
		B001E5FF21E0BA7500AFC1CB /* icon copy.png */ = {isa = PBXFileReference; lastKnownFileType = image.png; path = "icon copy.png"; sourceTree = "<group>"; };
		B03FE11A21DF3E570020F990 /* CustomNotifications.app */ = {isa = PBXFileReference; explicitFileType = wrapper.application; includeInIndex = 0; path = CustomNotifications.app; sourceTree = BUILT_PRODUCTS_DIR; };
		B03FE11D21DF3E570020F990 /* AppDelegate.swift */ = {isa = PBXFileReference; lastKnownFileType = sourcecode.swift; path = AppDelegate.swift; sourceTree = "<group>"; };
		B03FE11F21DF3E570020F990 /* ViewController.swift */ = {isa = PBXFileReference; lastKnownFileType = sourcecode.swift; path = ViewController.swift; sourceTree = "<group>"; };
		B03FE12221DF3E570020F990 /* Base */ = {isa = PBXFileReference; lastKnownFileType = file.storyboard; name = Base; path = Base.lproj/Main.storyboard; sourceTree = "<group>"; };
		B03FE12421DF3E590020F990 /* Assets.xcassets */ = {isa = PBXFileReference; lastKnownFileType = folder.assetcatalog; path = Assets.xcassets; sourceTree = "<group>"; };
		B03FE12721DF3E590020F990 /* Base */ = {isa = PBXFileReference; lastKnownFileType = file.storyboard; name = Base; path = Base.lproj/LaunchScreen.storyboard; sourceTree = "<group>"; };
		B03FE12921DF3E590020F990 /* Info.plist */ = {isa = PBXFileReference; lastKnownFileType = text.plist.xml; path = Info.plist; sourceTree = "<group>"; };
		B03FE12F21DF49FD0020F990 /* newLiked.png */ = {isa = PBXFileReference; lastKnownFileType = image.png; path = newLiked.png; sourceTree = "<group>"; };
		B03FE13521DF5D690020F990 /* Notification content app extension.appex */ = {isa = PBXFileReference; explicitFileType = "wrapper.app-extension"; includeInIndex = 0; path = "Notification content app extension.appex"; sourceTree = BUILT_PRODUCTS_DIR; };
		B03FE13721DF5D690020F990 /* UserNotifications.framework */ = {isa = PBXFileReference; lastKnownFileType = wrapper.framework; name = UserNotifications.framework; path = System/Library/Frameworks/UserNotifications.framework; sourceTree = SDKROOT; };
		B03FE13921DF5D6A0020F990 /* UserNotificationsUI.framework */ = {isa = PBXFileReference; lastKnownFileType = wrapper.framework; name = UserNotificationsUI.framework; path = System/Library/Frameworks/UserNotificationsUI.framework; sourceTree = SDKROOT; };
		B03FE13C21DF5D6A0020F990 /* NotificationViewController.swift */ = {isa = PBXFileReference; lastKnownFileType = sourcecode.swift; path = NotificationViewController.swift; sourceTree = "<group>"; };
		B03FE13F21DF5D6A0020F990 /* Base */ = {isa = PBXFileReference; lastKnownFileType = file.storyboard; name = Base; path = Base.lproj/MainInterface.storyboard; sourceTree = "<group>"; };
		B03FE14121DF5D6A0020F990 /* Info.plist */ = {isa = PBXFileReference; lastKnownFileType = text.plist.xml; path = Info.plist; sourceTree = "<group>"; };
		B03FE14921DF68380020F990 /* AppDelegateExtension.swift */ = {isa = PBXFileReference; lastKnownFileType = sourcecode.swift; path = AppDelegateExtension.swift; sourceTree = "<group>"; };
		B03FE14E21DF7EFC0020F990 /* CustomNotifications.entitlements */ = {isa = PBXFileReference; lastKnownFileType = text.plist.entitlements; path = CustomNotifications.entitlements; sourceTree = "<group>"; };
/* End PBXFileReference section */

/* Begin PBXFrameworksBuildPhase section */
		B03FE11721DF3E570020F990 /* Frameworks */ = {
			isa = PBXFrameworksBuildPhase;
			buildActionMask = 2147483647;
			files = (
			);
			runOnlyForDeploymentPostprocessing = 0;
		};
		B03FE13221DF5D690020F990 /* Frameworks */ = {
			isa = PBXFrameworksBuildPhase;
			buildActionMask = 2147483647;
			files = (
				B03FE13A21DF5D6A0020F990 /* UserNotificationsUI.framework in Frameworks */,
				B03FE13821DF5D690020F990 /* UserNotifications.framework in Frameworks */,
			);
			runOnlyForDeploymentPostprocessing = 0;
		};
/* End PBXFrameworksBuildPhase section */

/* Begin PBXGroup section */
		B03FE11121DF3E570020F990 = {
			isa = PBXGroup;
			children = (
				B03FE11C21DF3E570020F990 /* CustomNotifications */,
				B03FE13B21DF5D6A0020F990 /* Notification content app extension */,
				B03FE13621DF5D690020F990 /* Frameworks */,
				B03FE11B21DF3E570020F990 /* Products */,
			);
			sourceTree = "<group>";
		};
		B03FE11B21DF3E570020F990 /* Products */ = {
			isa = PBXGroup;
			children = (
				B03FE11A21DF3E570020F990 /* CustomNotifications.app */,
				B03FE13521DF5D690020F990 /* Notification content app extension.appex */,
			);
			name = Products;
			sourceTree = "<group>";
		};
		B03FE11C21DF3E570020F990 /* CustomNotifications */ = {
			isa = PBXGroup;
			children = (
				B056FA3021DF84FE009913EB /* AppDelegates */,
				B056FA2F21DF84CC009913EB /* Controller */,
				B056FA2E21DF84B3009913EB /* View */,
				B03FE14E21DF7EFC0020F990 /* CustomNotifications.entitlements */,
				B03FE12421DF3E590020F990 /* Assets.xcassets */,
				B03FE12621DF3E590020F990 /* LaunchScreen.storyboard */,
				B03FE12921DF3E590020F990 /* Info.plist */,
			);
			path = CustomNotifications;
			sourceTree = "<group>";
		};
		B03FE13621DF5D690020F990 /* Frameworks */ = {
			isa = PBXGroup;
			children = (
				B03FE13721DF5D690020F990 /* UserNotifications.framework */,
				B03FE13921DF5D6A0020F990 /* UserNotificationsUI.framework */,
			);
			name = Frameworks;
			sourceTree = "<group>";
		};
		B03FE13B21DF5D6A0020F990 /* Notification content app extension */ = {
			isa = PBXGroup;
			children = (
				B03FE13C21DF5D6A0020F990 /* NotificationViewController.swift */,
				B001E5FD21E0B86A00AFC1CB /* newLike.png */,
				B03FE12F21DF49FD0020F990 /* newLiked.png */,
				B03FE13E21DF5D6A0020F990 /* MainInterface.storyboard */,
				B03FE14121DF5D6A0020F990 /* Info.plist */,
			);
			path = "Notification content app extension";
			sourceTree = "<group>";
		};
		B056FA2E21DF84B3009913EB /* View */ = {
			isa = PBXGroup;
			children = (
				B03FE12121DF3E570020F990 /* Main.storyboard */,
			);
			path = View;
			sourceTree = "<group>";
		};
		B056FA2F21DF84CC009913EB /* Controller */ = {
			isa = PBXGroup;
			children = (
				B03FE11F21DF3E570020F990 /* ViewController.swift */,
			);
			path = Controller;
			sourceTree = "<group>";
		};
		B056FA3021DF84FE009913EB /* AppDelegates */ = {
			isa = PBXGroup;
			children = (
				B03FE11D21DF3E570020F990 /* AppDelegate.swift */,
				B03FE14921DF68380020F990 /* AppDelegateExtension.swift */,
				B001E5FF21E0BA7500AFC1CB /* icon copy.png */,
			);
			path = AppDelegates;
			sourceTree = "<group>";
		};
/* End PBXGroup section */

/* Begin PBXNativeTarget section */
		B03FE11921DF3E570020F990 /* CustomNotifications */ = {
			isa = PBXNativeTarget;
			buildConfigurationList = B03FE12C21DF3E590020F990 /* Build configuration list for PBXNativeTarget "CustomNotifications" */;
			buildPhases = (
				B03FE11621DF3E570020F990 /* Sources */,
				B03FE11721DF3E570020F990 /* Frameworks */,
				B03FE11821DF3E570020F990 /* Resources */,
				B03FE14821DF5D6A0020F990 /* Embed App Extensions */,
			);
			buildRules = (
			);
			dependencies = (
				B03FE14321DF5D6A0020F990 /* PBXTargetDependency */,
			);
			name = CustomNotifications;
			productName = CustomNotifications;
			productReference = B03FE11A21DF3E570020F990 /* CustomNotifications.app */;
			productType = "com.apple.product-type.application";
		};
		B03FE13421DF5D690020F990 /* Notification content app extension */ = {
			isa = PBXNativeTarget;
			buildConfigurationList = B03FE14521DF5D6A0020F990 /* Build configuration list for PBXNativeTarget "Notification content app extension" */;
			buildPhases = (
				B03FE13121DF5D690020F990 /* Sources */,
				B03FE13221DF5D690020F990 /* Frameworks */,
				B03FE13321DF5D690020F990 /* Resources */,
			);
			buildRules = (
			);
			dependencies = (
			);
			name = "Notification content app extension";
			productName = "Notification content app extension";
			productReference = B03FE13521DF5D690020F990 /* Notification content app extension.appex */;
			productType = "com.apple.product-type.app-extension";
		};
/* End PBXNativeTarget section */

/* Begin PBXProject section */
		B03FE11221DF3E570020F990 /* Project object */ = {
			isa = PBXProject;
			attributes = {
				LastSwiftUpdateCheck = 1000;
				LastUpgradeCheck = 1000;
				ORGANIZATIONNAME = SunarcMac;
				TargetAttributes = {
					B03FE11921DF3E570020F990 = {
						CreatedOnToolsVersion = 10.0;
						SystemCapabilities = {
							com.apple.ApplicationGroups.iOS = {
								enabled = 0;
							};
						};
					};
					B03FE13421DF5D690020F990 = {
						CreatedOnToolsVersion = 10.0;
					};
				};
			};
			buildConfigurationList = B03FE11521DF3E570020F990 /* Build configuration list for PBXProject "CustomNotifications" */;
			compatibilityVersion = "Xcode 9.3";
			developmentRegion = en;
			hasScannedForEncodings = 0;
			knownRegions = (
				en,
				Base,
			);
			mainGroup = B03FE11121DF3E570020F990;
			productRefGroup = B03FE11B21DF3E570020F990 /* Products */;
			projectDirPath = "";
			projectRoot = "";
			targets = (
				B03FE11921DF3E570020F990 /* CustomNotifications */,
				B03FE13421DF5D690020F990 /* Notification content app extension */,
			);
		};
/* End PBXProject section */

/* Begin PBXResourcesBuildPhase section */
		B03FE11821DF3E570020F990 /* Resources */ = {
			isa = PBXResourcesBuildPhase;
			buildActionMask = 2147483647;
			files = (
				B03FE12821DF3E590020F990 /* LaunchScreen.storyboard in Resources */,
				B03FE12521DF3E590020F990 /* Assets.xcassets in Resources */,
				B03FE12321DF3E570020F990 /* Main.storyboard in Resources */,
				B001E60021E0BA7500AFC1CB /* icon copy.png in Resources */,
			);
			runOnlyForDeploymentPostprocessing = 0;
		};
		B03FE13321DF5D690020F990 /* Resources */ = {
			isa = PBXResourcesBuildPhase;
			buildActionMask = 2147483647;
			files = (
				B03FE14021DF5D6A0020F990 /* MainInterface.storyboard in Resources */,
				B001E5FE21E0B86B00AFC1CB /* newLike.png in Resources */,
				B001E60121E0BAEE00AFC1CB /* newLiked.png in Resources */,
			);
			runOnlyForDeploymentPostprocessing = 0;
		};
/* End PBXResourcesBuildPhase section */

/* Begin PBXSourcesBuildPhase section */
		B03FE11621DF3E570020F990 /* Sources */ = {
			isa = PBXSourcesBuildPhase;
			buildActionMask = 2147483647;
			files = (
				B03FE12021DF3E570020F990 /* ViewController.swift in Sources */,
				B03FE14A21DF68380020F990 /* AppDelegateExtension.swift in Sources */,
				B03FE11E21DF3E570020F990 /* AppDelegate.swift in Sources */,
			);
			runOnlyForDeploymentPostprocessing = 0;
		};
		B03FE13121DF5D690020F990 /* Sources */ = {
			isa = PBXSourcesBuildPhase;
			buildActionMask = 2147483647;
			files = (
				B03FE13D21DF5D6A0020F990 /* NotificationViewController.swift in Sources */,
			);
			runOnlyForDeploymentPostprocessing = 0;
		};
/* End PBXSourcesBuildPhase section */

/* Begin PBXTargetDependency section */
		B03FE14321DF5D6A0020F990 /* PBXTargetDependency */ = {
			isa = PBXTargetDependency;
			target = B03FE13421DF5D690020F990 /* Notification content app extension */;
			targetProxy = B03FE14221DF5D6A0020F990 /* PBXContainerItemProxy */;
		};
/* End PBXTargetDependency section */

/* Begin PBXVariantGroup section */
		B03FE12121DF3E570020F990 /* Main.storyboard */ = {
			isa = PBXVariantGroup;
			children = (
				B03FE12221DF3E570020F990 /* Base */,
			);
			name = Main.storyboard;
			sourceTree = "<group>";
		};
		B03FE12621DF3E590020F990 /* LaunchScreen.storyboard */ = {
			isa = PBXVariantGroup;
			children = (
				B03FE12721DF3E590020F990 /* Base */,
			);
			name = LaunchScreen.storyboard;
			sourceTree = "<group>";
		};
		B03FE13E21DF5D6A0020F990 /* MainInterface.storyboard */ = {
			isa = PBXVariantGroup;
			children = (
				B03FE13F21DF5D6A0020F990 /* Base */,
			);
			name = MainInterface.storyboard;
			sourceTree = "<group>";
		};
/* End PBXVariantGroup section */

/* Begin XCBuildConfiguration section */
		B03FE12A21DF3E590020F990 /* Debug */ = {
			isa = XCBuildConfiguration;
			buildSettings = {
				ALWAYS_SEARCH_USER_PATHS = NO;
				CLANG_ANALYZER_NONNULL = YES;
				CLANG_ANALYZER_NUMBER_OBJECT_CONVERSION = YES_AGGRESSIVE;
				CLANG_CXX_LANGUAGE_STANDARD = "gnu++14";
				CLANG_CXX_LIBRARY = "libc++";
				CLANG_ENABLE_MODULES = YES;
				CLANG_ENABLE_OBJC_ARC = YES;
				CLANG_ENABLE_OBJC_WEAK = YES;
				CLANG_WARN_BLOCK_CAPTURE_AUTORELEASING = YES;
				CLANG_WARN_BOOL_CONVERSION = YES;
				CLANG_WARN_COMMA = YES;
				CLANG_WARN_CONSTANT_CONVERSION = YES;
				CLANG_WARN_DEPRECATED_OBJC_IMPLEMENTATIONS = YES;
				CLANG_WARN_DIRECT_OBJC_ISA_USAGE = YES_ERROR;
				CLANG_WARN_DOCUMENTATION_COMMENTS = YES;
				CLANG_WARN_EMPTY_BODY = YES;
				CLANG_WARN_ENUM_CONVERSION = YES;
				CLANG_WARN_INFINITE_RECURSION = YES;
				CLANG_WARN_INT_CONVERSION = YES;
				CLANG_WARN_NON_LITERAL_NULL_CONVERSION = YES;
				CLANG_WARN_OBJC_IMPLICIT_RETAIN_SELF = YES;
				CLANG_WARN_OBJC_LITERAL_CONVERSION = YES;
				CLANG_WARN_OBJC_ROOT_CLASS = YES_ERROR;
				CLANG_WARN_RANGE_LOOP_ANALYSIS = YES;
				CLANG_WARN_STRICT_PROTOTYPES = YES;
				CLANG_WARN_SUSPICIOUS_MOVE = YES;
				CLANG_WARN_UNGUARDED_AVAILABILITY = YES_AGGRESSIVE;
				CLANG_WARN_UNREACHABLE_CODE = YES;
				CLANG_WARN__DUPLICATE_METHOD_MATCH = YES;
				CODE_SIGN_IDENTITY = "iPhone Developer";
				COPY_PHASE_STRIP = NO;
				DEBUG_INFORMATION_FORMAT = dwarf;
				ENABLE_STRICT_OBJC_MSGSEND = YES;
				ENABLE_TESTABILITY = YES;
				GCC_C_LANGUAGE_STANDARD = gnu11;
				GCC_DYNAMIC_NO_PIC = NO;
				GCC_NO_COMMON_BLOCKS = YES;
				GCC_OPTIMIZATION_LEVEL = 0;
				GCC_PREPROCESSOR_DEFINITIONS = (
					"DEBUG=1",
					"$(inherited)",
				);
				GCC_WARN_64_TO_32_BIT_CONVERSION = YES;
				GCC_WARN_ABOUT_RETURN_TYPE = YES_ERROR;
				GCC_WARN_UNDECLARED_SELECTOR = YES;
				GCC_WARN_UNINITIALIZED_AUTOS = YES_AGGRESSIVE;
				GCC_WARN_UNUSED_FUNCTION = YES;
				GCC_WARN_UNUSED_VARIABLE = YES;
				IPHONEOS_DEPLOYMENT_TARGET = 12.0;
				MTL_ENABLE_DEBUG_INFO = INCLUDE_SOURCE;
				MTL_FAST_MATH = YES;
				ONLY_ACTIVE_ARCH = YES;
				SDKROOT = iphoneos;
				SWIFT_ACTIVE_COMPILATION_CONDITIONS = DEBUG;
				SWIFT_OPTIMIZATION_LEVEL = "-Onone";
			};
			name = Debug;
		};
		B03FE12B21DF3E590020F990 /* Release */ = {
			isa = XCBuildConfiguration;
			buildSettings = {
				ALWAYS_SEARCH_USER_PATHS = NO;
				CLANG_ANALYZER_NONNULL = YES;
				CLANG_ANALYZER_NUMBER_OBJECT_CONVERSION = YES_AGGRESSIVE;
				CLANG_CXX_LANGUAGE_STANDARD = "gnu++14";
				CLANG_CXX_LIBRARY = "libc++";
				CLANG_ENABLE_MODULES = YES;
				CLANG_ENABLE_OBJC_ARC = YES;
				CLANG_ENABLE_OBJC_WEAK = YES;
				CLANG_WARN_BLOCK_CAPTURE_AUTORELEASING = YES;
				CLANG_WARN_BOOL_CONVERSION = YES;
				CLANG_WARN_COMMA = YES;
				CLANG_WARN_CONSTANT_CONVERSION = YES;
				CLANG_WARN_DEPRECATED_OBJC_IMPLEMENTATIONS = YES;
				CLANG_WARN_DIRECT_OBJC_ISA_USAGE = YES_ERROR;
				CLANG_WARN_DOCUMENTATION_COMMENTS = YES;
				CLANG_WARN_EMPTY_BODY = YES;
				CLANG_WARN_ENUM_CONVERSION = YES;
				CLANG_WARN_INFINITE_RECURSION = YES;
				CLANG_WARN_INT_CONVERSION = YES;
				CLANG_WARN_NON_LITERAL_NULL_CONVERSION = YES;
				CLANG_WARN_OBJC_IMPLICIT_RETAIN_SELF = YES;
				CLANG_WARN_OBJC_LITERAL_CONVERSION = YES;
				CLANG_WARN_OBJC_ROOT_CLASS = YES_ERROR;
				CLANG_WARN_RANGE_LOOP_ANALYSIS = YES;
				CLANG_WARN_STRICT_PROTOTYPES = YES;
				CLANG_WARN_SUSPICIOUS_MOVE = YES;
				CLANG_WARN_UNGUARDED_AVAILABILITY = YES_AGGRESSIVE;
				CLANG_WARN_UNREACHABLE_CODE = YES;
				CLANG_WARN__DUPLICATE_METHOD_MATCH = YES;
				CODE_SIGN_IDENTITY = "iPhone Developer";
				COPY_PHASE_STRIP = NO;
				DEBUG_INFORMATION_FORMAT = "dwarf-with-dsym";
				ENABLE_NS_ASSERTIONS = NO;
				ENABLE_STRICT_OBJC_MSGSEND = YES;
				GCC_C_LANGUAGE_STANDARD = gnu11;
				GCC_NO_COMMON_BLOCKS = YES;
				GCC_WARN_64_TO_32_BIT_CONVERSION = YES;
				GCC_WARN_ABOUT_RETURN_TYPE = YES_ERROR;
				GCC_WARN_UNDECLARED_SELECTOR = YES;
				GCC_WARN_UNINITIALIZED_AUTOS = YES_AGGRESSIVE;
				GCC_WARN_UNUSED_FUNCTION = YES;
				GCC_WARN_UNUSED_VARIABLE = YES;
				IPHONEOS_DEPLOYMENT_TARGET = 12.0;
				MTL_ENABLE_DEBUG_INFO = NO;
				MTL_FAST_MATH = YES;
				SDKROOT = iphoneos;
				SWIFT_COMPILATION_MODE = wholemodule;
				SWIFT_OPTIMIZATION_LEVEL = "-O";
				VALIDATE_PRODUCT = YES;
			};
			name = Release;
		};
		B03FE12D21DF3E590020F990 /* Debug */ = {
			isa = XCBuildConfiguration;
			buildSettings = {
				ALWAYS_EMBED_SWIFT_STANDARD_LIBRARIES = YES;
				ASSETCATALOG_COMPILER_APPICON_NAME = AppIcon;
				CODE_SIGN_IDENTITY = "iPhone Developer";
				CODE_SIGN_STYLE = Automatic;
				DEVELOPMENT_TEAM = JYB74FS4RY;
				INFOPLIST_FILE = CustomNotifications/Info.plist;
				IPHONEOS_DEPLOYMENT_TARGET = 11.0;
				LD_RUNPATH_SEARCH_PATHS = (
					"$(inherited)",
					"@executable_path/Frameworks",
				);
				PRODUCT_BUNDLE_IDENTIFIER = Sunarc.CustomNotifications;
				PRODUCT_NAME = "$(TARGET_NAME)";
				PROVISIONING_PROFILE_SPECIFIER = "";
				SWIFT_VERSION = 4.2;
				TARGETED_DEVICE_FAMILY = "1,2";
			};
			name = Debug;
		};
		B03FE12E21DF3E590020F990 /* Release */ = {
			isa = XCBuildConfiguration;
			buildSettings = {
				ALWAYS_EMBED_SWIFT_STANDARD_LIBRARIES = YES;
				ASSETCATALOG_COMPILER_APPICON_NAME = AppIcon;
				CODE_SIGN_IDENTITY = "iPhone Developer";
				CODE_SIGN_STYLE = Automatic;
				DEVELOPMENT_TEAM = JYB74FS4RY;
				INFOPLIST_FILE = CustomNotifications/Info.plist;
				IPHONEOS_DEPLOYMENT_TARGET = 11.0;
				LD_RUNPATH_SEARCH_PATHS = (
					"$(inherited)",
					"@executable_path/Frameworks",
				);
				PRODUCT_BUNDLE_IDENTIFIER = Sunarc.CustomNotifications;
				PRODUCT_NAME = "$(TARGET_NAME)";
				PROVISIONING_PROFILE_SPECIFIER = "";
				SWIFT_VERSION = 4.2;
				TARGETED_DEVICE_FAMILY = "1,2";
			};
			name = Release;
		};
		B03FE14621DF5D6A0020F990 /* Debug */ = {
			isa = XCBuildConfiguration;
			buildSettings = {
				CODE_SIGN_IDENTITY = "iPhone Developer";
				CODE_SIGN_STYLE = Automatic;
				DEVELOPMENT_TEAM = JYB74FS4RY;
				INFOPLIST_FILE = "Notification content app extension/Info.plist";
				LD_RUNPATH_SEARCH_PATHS = (
					"$(inherited)",
					"@executable_path/Frameworks",
					"@executable_path/../../Frameworks",
				);
				PRODUCT_BUNDLE_IDENTIFIER = "Sunarc.CustomNotifications.Notification-content-app-extension";
				PRODUCT_NAME = "$(TARGET_NAME)";
				SKIP_INSTALL = YES;
				SWIFT_VERSION = 4.2;
				TARGETED_DEVICE_FAMILY = "1,2";
			};
			name = Debug;
		};
		B03FE14721DF5D6A0020F990 /* Release */ = {
			isa = XCBuildConfiguration;
			buildSettings = {
				CODE_SIGN_IDENTITY = "iPhone Developer";
				CODE_SIGN_STYLE = Automatic;
				DEVELOPMENT_TEAM = JYB74FS4RY;
				INFOPLIST_FILE = "Notification content app extension/Info.plist";
				LD_RUNPATH_SEARCH_PATHS = (
					"$(inherited)",
					"@executable_path/Frameworks",
					"@executable_path/../../Frameworks",
				);
				PRODUCT_BUNDLE_IDENTIFIER = "Sunarc.CustomNotifications.Notification-content-app-extension";
				PRODUCT_NAME = "$(TARGET_NAME)";
				SKIP_INSTALL = YES;
				SWIFT_VERSION = 4.2;
				TARGETED_DEVICE_FAMILY = "1,2";
			};
			name = Release;
		};
/* End XCBuildConfiguration section */

/* Begin XCConfigurationList section */
		B03FE11521DF3E570020F990 /* Build configuration list for PBXProject "CustomNotifications" */ = {
			isa = XCConfigurationList;
			buildConfigurations = (
				B03FE12A21DF3E590020F990 /* Debug */,
				B03FE12B21DF3E590020F990 /* Release */,
			);
			defaultConfigurationIsVisible = 0;
			defaultConfigurationName = Release;
		};
		B03FE12C21DF3E590020F990 /* Build configuration list for PBXNativeTarget "CustomNotifications" */ = {
			isa = XCConfigurationList;
			buildConfigurations = (
				B03FE12D21DF3E590020F990 /* Debug */,
				B03FE12E21DF3E590020F990 /* Release */,
			);
			defaultConfigurationIsVisible = 0;
			defaultConfigurationName = Release;
		};
		B03FE14521DF5D6A0020F990 /* Build configuration list for PBXNativeTarget "Notification content app extension" */ = {
			isa = XCConfigurationList;
			buildConfigurations = (
				B03FE14621DF5D6A0020F990 /* Debug */,
				B03FE14721DF5D6A0020F990 /* Release */,
			);
			defaultConfigurationIsVisible = 0;
			defaultConfigurationName = Release;
		};
/* End XCConfigurationList section */
	};
	rootObject = B03FE11221DF3E570020F990 /* Project object */;
}
