// !$*UTF8*$!
{
	archiveVersion = 1;
	classes = {
	};
	objectVersion = 50;
	objects = {

/* Begin PBXBuildFile section */
		B01ED5B72176FCC6008637D0 /* AppDelegate.swift in Sources */ = {isa = PBXBuildFile; fileRef = B01ED5B62176FCC6008637D0 /* AppDelegate.swift */; };
		B01ED5B92176FCC6008637D0 /* ViewController.swift in Sources */ = {isa = PBXBuildFile; fileRef = B01ED5B82176FCC6008637D0 /* ViewController.swift */; };
		B01ED5BC2176FCC6008637D0 /* Main.storyboard in Resources */ = {isa = PBXBuildFile; fileRef = B01ED5BA2176FCC6008637D0 /* Main.storyboard */; };
		B01ED5BE2176FCC7008637D0 /* Assets.xcassets in Resources */ = {isa = PBXBuildFile; fileRef = B01ED5BD2176FCC7008637D0 /* Assets.xcassets */; };
		B01ED5C12176FCC7008637D0 /* LaunchScreen.storyboard in Resources */ = {isa = PBXBuildFile; fileRef = B01ED5BF2176FCC7008637D0 /* LaunchScreen.storyboard */; };
		B01ED5CC2177019B008637D0 /* Products.swift in Sources */ = {isa = PBXBuildFile; fileRef = B01ED5CB2177019B008637D0 /* Products.swift */; };
		B06576CA21E482CD00E0F333 /* ItemViewModel.swift in Sources */ = {isa = PBXBuildFile; fileRef = B06576C921E482CD00E0F333 /* ItemViewModel.swift */; };
		B0B70BAE217DB438003C7A82 /* API.swift in Sources */ = {isa = PBXBuildFile; fileRef = B0B70BAD217DB438003C7A82 /* API.swift */; };
		B0FB6D742177289500E462CC /* HTTP.swift in Sources */ = {isa = PBXBuildFile; fileRef = B0FB6D732177289500E462CC /* HTTP.swift */; };
		B0FB6D76217728BF00E462CC /* ProductExt.swift in Sources */ = {isa = PBXBuildFile; fileRef = B0FB6D75217728BF00E462CC /* ProductExt.swift */; };
		D08657921A6170049A51320E /* Pods_ShoppingTask.framework in Frameworks */ = {isa = PBXBuildFile; fileRef = C1DED88910FC567CC04CFECA /* Pods_ShoppingTask.framework */; };
/* End PBXBuildFile section */

/* Begin PBXFileReference section */
		266141E3FFBB078E4827784D /* Pods-ShoppingTask.release.xcconfig */ = {isa = PBXFileReference; includeInIndex = 1; lastKnownFileType = text.xcconfig; name = "Pods-ShoppingTask.release.xcconfig"; path = "Pods/Target Support Files/Pods-ShoppingTask/Pods-ShoppingTask.release.xcconfig"; sourceTree = "<group>"; };
		83C39FA64EB1D19E202F4B12 /* Pods-ShoppingTask.debug.xcconfig */ = {isa = PBXFileReference; includeInIndex = 1; lastKnownFileType = text.xcconfig; name = "Pods-ShoppingTask.debug.xcconfig"; path = "Pods/Target Support Files/Pods-ShoppingTask/Pods-ShoppingTask.debug.xcconfig"; sourceTree = "<group>"; };
		B01ED5B32176FCC6008637D0 /* ShoppingTask.app */ = {isa = PBXFileReference; explicitFileType = wrapper.application; includeInIndex = 0; path = ShoppingTask.app; sourceTree = BUILT_PRODUCTS_DIR; };
		B01ED5B62176FCC6008637D0 /* AppDelegate.swift */ = {isa = PBXFileReference; lastKnownFileType = sourcecode.swift; path = AppDelegate.swift; sourceTree = "<group>"; };
		B01ED5B82176FCC6008637D0 /* ViewController.swift */ = {isa = PBXFileReference; lastKnownFileType = sourcecode.swift; path = ViewController.swift; sourceTree = "<group>"; wrapsLines = 0; };
		B01ED5BB2176FCC6008637D0 /* Base */ = {isa = PBXFileReference; lastKnownFileType = file.storyboard; name = Base; path = Base.lproj/Main.storyboard; sourceTree = "<group>"; };
		B01ED5BD2176FCC7008637D0 /* Assets.xcassets */ = {isa = PBXFileReference; lastKnownFileType = folder.assetcatalog; path = Assets.xcassets; sourceTree = "<group>"; };
		B01ED5C02176FCC7008637D0 /* Base */ = {isa = PBXFileReference; lastKnownFileType = file.storyboard; name = Base; path = Base.lproj/LaunchScreen.storyboard; sourceTree = "<group>"; };
		B01ED5C22176FCC7008637D0 /* Info.plist */ = {isa = PBXFileReference; lastKnownFileType = text.plist.xml; path = Info.plist; sourceTree = "<group>"; };
		B01ED5CB2177019B008637D0 /* Products.swift */ = {isa = PBXFileReference; indentWidth = 5; lastKnownFileType = sourcecode.swift; path = Products.swift; sourceTree = "<group>"; };
		B06576C921E482CD00E0F333 /* ItemViewModel.swift */ = {isa = PBXFileReference; lastKnownFileType = sourcecode.swift; path = ItemViewModel.swift; sourceTree = "<group>"; };
		B0B70BAD217DB438003C7A82 /* API.swift */ = {isa = PBXFileReference; lastKnownFileType = sourcecode.swift; path = API.swift; sourceTree = "<group>"; };
		B0FB6D732177289500E462CC /* HTTP.swift */ = {isa = PBXFileReference; lastKnownFileType = sourcecode.swift; path = HTTP.swift; sourceTree = "<group>"; };
		B0FB6D75217728BF00E462CC /* ProductExt.swift */ = {isa = PBXFileReference; lastKnownFileType = sourcecode.swift; path = ProductExt.swift; sourceTree = "<group>"; };
		C1DED88910FC567CC04CFECA /* Pods_ShoppingTask.framework */ = {isa = PBXFileReference; explicitFileType = wrapper.framework; includeInIndex = 0; path = Pods_ShoppingTask.framework; sourceTree = BUILT_PRODUCTS_DIR; };
/* End PBXFileReference section */

/* Begin PBXFrameworksBuildPhase section */
		B01ED5B02176FCC6008637D0 /* Frameworks */ = {
			isa = PBXFrameworksBuildPhase;
			buildActionMask = 2147483647;
			files = (
				D08657921A6170049A51320E /* Pods_ShoppingTask.framework in Frameworks */,
			);
			runOnlyForDeploymentPostprocessing = 0;
		};
/* End PBXFrameworksBuildPhase section */

/* Begin PBXGroup section */
		401FEFB18C9A91B024793CDF /* Pods */ = {
			isa = PBXGroup;
			children = (
				83C39FA64EB1D19E202F4B12 /* Pods-ShoppingTask.debug.xcconfig */,
				266141E3FFBB078E4827784D /* Pods-ShoppingTask.release.xcconfig */,
			);
			name = Pods;
			sourceTree = "<group>";
		};
		A611E5C486BD6E7688788DF2 /* Frameworks */ = {
			isa = PBXGroup;
			children = (
				C1DED88910FC567CC04CFECA /* Pods_ShoppingTask.framework */,
			);
			name = Frameworks;
			sourceTree = "<group>";
		};
		B01ED5AA2176FCC6008637D0 = {
			isa = PBXGroup;
			children = (
				B01ED5B52176FCC6008637D0 /* ShoppingTask */,
				B01ED5B42176FCC6008637D0 /* Products */,
				401FEFB18C9A91B024793CDF /* Pods */,
				A611E5C486BD6E7688788DF2 /* Frameworks */,
			);
			sourceTree = "<group>";
		};
		B01ED5B42176FCC6008637D0 /* Products */ = {
			isa = PBXGroup;
			children = (
				B01ED5B32176FCC6008637D0 /* ShoppingTask.app */,
			);
			name = Products;
			sourceTree = "<group>";
		};
		B01ED5B52176FCC6008637D0 /* ShoppingTask */ = {
			isa = PBXGroup;
			children = (
				B0FB6D732177289500E462CC /* HTTP.swift */,
				B0B70BAD217DB438003C7A82 /* API.swift */,
				B01ED5CA21770172008637D0 /* Modal */,
				B01ED5C92177016C008637D0 /* View */,
				B06576C821E482A900E0F333 /* ViewModel */,
				B01ED5C821770163008637D0 /* Controller */,
				B01ED5B62176FCC6008637D0 /* AppDelegate.swift */,
				B01ED5BD2176FCC7008637D0 /* Assets.xcassets */,
				B01ED5BF2176FCC7008637D0 /* LaunchScreen.storyboard */,
				B01ED5C22176FCC7008637D0 /* Info.plist */,
			);
			path = ShoppingTask;
			sourceTree = "<group>";
		};
		B01ED5C821770163008637D0 /* Controller */ = {
			isa = PBXGroup;
			children = (
				B01ED5B82176FCC6008637D0 /* ViewController.swift */,
			);
			path = Controller;
			sourceTree = "<group>";
		};
		B01ED5C92177016C008637D0 /* View */ = {
			isa = PBXGroup;
			children = (
				B01ED5BA2176FCC6008637D0 /* Main.storyboard */,
			);
			path = View;
			sourceTree = "<group>";
		};
		B01ED5CA21770172008637D0 /* Modal */ = {
			isa = PBXGroup;
			children = (
				B01ED5CB2177019B008637D0 /* Products.swift */,
				B0FB6D75217728BF00E462CC /* ProductExt.swift */,
			);
			path = Modal;
			sourceTree = "<group>";
		};
		B06576C821E482A900E0F333 /* ViewModel */ = {
			isa = PBXGroup;
			children = (
				B06576C921E482CD00E0F333 /* ItemViewModel.swift */,
			);
			path = ViewModel;
			sourceTree = "<group>";
		};
/* End PBXGroup section */

/* Begin PBXNativeTarget section */
		B01ED5B22176FCC6008637D0 /* ShoppingTask */ = {
			isa = PBXNativeTarget;
			buildConfigurationList = B01ED5C52176FCC7008637D0 /* Build configuration list for PBXNativeTarget "ShoppingTask" */;
			buildPhases = (
				54D3CF9B7678FD57F0C76E41 /* [CP] Check Pods Manifest.lock */,
				B01ED5AF2176FCC6008637D0 /* Sources */,
				B01ED5B02176FCC6008637D0 /* Frameworks */,
				B01ED5B12176FCC6008637D0 /* Resources */,
				3B68F08793D544BA1866D8E4 /* [CP] Embed Pods Frameworks */,
			);
			buildRules = (
			);
			dependencies = (
			);
			name = ShoppingTask;
			productName = ShoppingTask;
			productReference = B01ED5B32176FCC6008637D0 /* ShoppingTask.app */;
			productType = "com.apple.product-type.application";
		};
/* End PBXNativeTarget section */

/* Begin PBXProject section */
		B01ED5AB2176FCC6008637D0 /* Project object */ = {
			isa = PBXProject;
			attributes = {
				LastSwiftUpdateCheck = 0930;
				LastUpgradeCheck = 0930;
				ORGANIZATIONNAME = SunarcMac;
				TargetAttributes = {
					B01ED5B22176FCC6008637D0 = {
						CreatedOnToolsVersion = 9.3.1;
					};
				};
			};
			buildConfigurationList = B01ED5AE2176FCC6008637D0 /* Build configuration list for PBXProject "ShoppingTask" */;
			compatibilityVersion = "Xcode 9.3";
			developmentRegion = en;
			hasScannedForEncodings = 0;
			knownRegions = (
				en,
				Base,
			);
			mainGroup = B01ED5AA2176FCC6008637D0;
			productRefGroup = B01ED5B42176FCC6008637D0 /* Products */;
			projectDirPath = "";
			projectRoot = "";
			targets = (
				B01ED5B22176FCC6008637D0 /* ShoppingTask */,
			);
		};
/* End PBXProject section */

/* Begin PBXResourcesBuildPhase section */
		B01ED5B12176FCC6008637D0 /* Resources */ = {
			isa = PBXResourcesBuildPhase;
			buildActionMask = 2147483647;
			files = (
				B01ED5C12176FCC7008637D0 /* LaunchScreen.storyboard in Resources */,
				B01ED5BE2176FCC7008637D0 /* Assets.xcassets in Resources */,
				B01ED5BC2176FCC6008637D0 /* Main.storyboard in Resources */,
			);
			runOnlyForDeploymentPostprocessing = 0;
		};
/* End PBXResourcesBuildPhase section */

/* Begin PBXShellScriptBuildPhase section */
		3B68F08793D544BA1866D8E4 /* [CP] Embed Pods Frameworks */ = {
			isa = PBXShellScriptBuildPhase;
			buildActionMask = 2147483647;
			files = (
			);
			inputPaths = (
				"${SRCROOT}/Pods/Target Support Files/Pods-ShoppingTask/Pods-ShoppingTask-frameworks.sh",
				"${BUILT_PRODUCTS_DIR}/Kingfisher/Kingfisher.framework",
			);
			name = "[CP] Embed Pods Frameworks";
			outputPaths = (
				"${TARGET_BUILD_DIR}/${FRAMEWORKS_FOLDER_PATH}/Kingfisher.framework",
			);
			runOnlyForDeploymentPostprocessing = 0;
			shellPath = /bin/sh;
			shellScript = "\"${SRCROOT}/Pods/Target Support Files/Pods-ShoppingTask/Pods-ShoppingTask-frameworks.sh\"\n";
			showEnvVarsInLog = 0;
		};
		54D3CF9B7678FD57F0C76E41 /* [CP] Check Pods Manifest.lock */ = {
			isa = PBXShellScriptBuildPhase;
			buildActionMask = 2147483647;
			files = (
			);
			inputPaths = (
				"${PODS_PODFILE_DIR_PATH}/Podfile.lock",
				"${PODS_ROOT}/Manifest.lock",
			);
			name = "[CP] Check Pods Manifest.lock";
			outputPaths = (
				"$(DERIVED_FILE_DIR)/Pods-ShoppingTask-checkManifestLockResult.txt",
			);
			runOnlyForDeploymentPostprocessing = 0;
			shellPath = /bin/sh;
			shellScript = "diff \"${PODS_PODFILE_DIR_PATH}/Podfile.lock\" \"${PODS_ROOT}/Manifest.lock\" > /dev/null\nif [ $? != 0 ] ; then\n    # print error to STDERR\n    echo \"error: The sandbox is not in sync with the Podfile.lock. Run 'pod install' or update your CocoaPods installation.\" >&2\n    exit 1\nfi\n# This output is used by Xcode 'outputs' to avoid re-running this script phase.\necho \"SUCCESS\" > \"${SCRIPT_OUTPUT_FILE_0}\"\n";
			showEnvVarsInLog = 0;
		};
/* End PBXShellScriptBuildPhase section */

/* Begin PBXSourcesBuildPhase section */
		B01ED5AF2176FCC6008637D0 /* Sources */ = {
			isa = PBXSourcesBuildPhase;
			buildActionMask = 2147483647;
			files = (
				B01ED5CC2177019B008637D0 /* Products.swift in Sources */,
				B0FB6D76217728BF00E462CC /* ProductExt.swift in Sources */,
				B0FB6D742177289500E462CC /* HTTP.swift in Sources */,
				B06576CA21E482CD00E0F333 /* ItemViewModel.swift in Sources */,
				B01ED5B92176FCC6008637D0 /* ViewController.swift in Sources */,
				B01ED5B72176FCC6008637D0 /* AppDelegate.swift in Sources */,
				B0B70BAE217DB438003C7A82 /* API.swift in Sources */,
			);
			runOnlyForDeploymentPostprocessing = 0;
		};
/* End PBXSourcesBuildPhase section */

/* Begin PBXVariantGroup section */
		B01ED5BA2176FCC6008637D0 /* Main.storyboard */ = {
			isa = PBXVariantGroup;
			children = (
				B01ED5BB2176FCC6008637D0 /* Base */,
			);
			name = Main.storyboard;
			sourceTree = "<group>";
		};
		B01ED5BF2176FCC7008637D0 /* LaunchScreen.storyboard */ = {
			isa = PBXVariantGroup;
			children = (
				B01ED5C02176FCC7008637D0 /* Base */,
			);
			name = LaunchScreen.storyboard;
			sourceTree = "<group>";
		};
/* End PBXVariantGroup section */

/* Begin XCBuildConfiguration section */
		B01ED5C32176FCC7008637D0 /* Debug */ = {
			isa = XCBuildConfiguration;
			buildSettings = {
				ALWAYS_SEARCH_USER_PATHS = NO;
				CLANG_ANALYZER_NONNULL = YES;
				CLANG_ANALYZER_NUMBER_OBJECT_CONVERSION = YES_AGGRESSIVE;
				CLANG_CXX_LANGUAGE_STANDARD = "gnu++14";
				CLANG_CXX_LIBRARY = "libc++";
				CLANG_ENABLE_MODULES = YES;
				CLANG_ENABLE_OBJC_ARC = YES;
				CLANG_ENABLE_OBJC_WEAK = YES;
				CLANG_WARN_BLOCK_CAPTURE_AUTORELEASING = YES;
				CLANG_WARN_BOOL_CONVERSION = YES;
				CLANG_WARN_COMMA = YES;
				CLANG_WARN_CONSTANT_CONVERSION = YES;
				CLANG_WARN_DEPRECATED_OBJC_IMPLEMENTATIONS = YES;
				CLANG_WARN_DIRECT_OBJC_ISA_USAGE = YES_ERROR;
				CLANG_WARN_DOCUMENTATION_COMMENTS = YES;
				CLANG_WARN_EMPTY_BODY = YES;
				CLANG_WARN_ENUM_CONVERSION = YES;
				CLANG_WARN_INFINITE_RECURSION = YES;
				CLANG_WARN_INT_CONVERSION = YES;
				CLANG_WARN_NON_LITERAL_NULL_CONVERSION = YES;
				CLANG_WARN_OBJC_IMPLICIT_RETAIN_SELF = YES;
				CLANG_WARN_OBJC_LITERAL_CONVERSION = YES;
				CLANG_WARN_OBJC_ROOT_CLASS = YES_ERROR;
				CLANG_WARN_RANGE_LOOP_ANALYSIS = YES;
				CLANG_WARN_STRICT_PROTOTYPES = YES;
				CLANG_WARN_SUSPICIOUS_MOVE = YES;
				CLANG_WARN_UNGUARDED_AVAILABILITY = YES_AGGRESSIVE;
				CLANG_WARN_UNREACHABLE_CODE = YES;
				CLANG_WARN__DUPLICATE_METHOD_MATCH = YES;
				CODE_SIGN_IDENTITY = "iPhone Developer";
				COPY_PHASE_STRIP = NO;
				DEBUG_INFORMATION_FORMAT = dwarf;
				ENABLE_STRICT_OBJC_MSGSEND = YES;
				ENABLE_TESTABILITY = YES;
				GCC_C_LANGUAGE_STANDARD = gnu11;
				GCC_DYNAMIC_NO_PIC = NO;
				GCC_NO_COMMON_BLOCKS = YES;
				GCC_OPTIMIZATION_LEVEL = 0;
				GCC_PREPROCESSOR_DEFINITIONS = (
					"DEBUG=1",
					"$(inherited)",
				);
				GCC_WARN_64_TO_32_BIT_CONVERSION = YES;
				GCC_WARN_ABOUT_RETURN_TYPE = YES_ERROR;
				GCC_WARN_UNDECLARED_SELECTOR = YES;
				GCC_WARN_UNINITIALIZED_AUTOS = YES_AGGRESSIVE;
				GCC_WARN_UNUSED_FUNCTION = YES;
				GCC_WARN_UNUSED_VARIABLE = YES;
				IPHONEOS_DEPLOYMENT_TARGET = 11.3;
				MTL_ENABLE_DEBUG_INFO = YES;
				ONLY_ACTIVE_ARCH = YES;
				SDKROOT = iphoneos;
				SWIFT_ACTIVE_COMPILATION_CONDITIONS = DEBUG;
				SWIFT_OPTIMIZATION_LEVEL = "-Onone";
			};
			name = Debug;
		};
		B01ED5C42176FCC7008637D0 /* Release */ = {
			isa = XCBuildConfiguration;
			buildSettings = {
				ALWAYS_SEARCH_USER_PATHS = NO;
				CLANG_ANALYZER_NONNULL = YES;
				CLANG_ANALYZER_NUMBER_OBJECT_CONVERSION = YES_AGGRESSIVE;
				CLANG_CXX_LANGUAGE_STANDARD = "gnu++14";
				CLANG_CXX_LIBRARY = "libc++";
				CLANG_ENABLE_MODULES = YES;
				CLANG_ENABLE_OBJC_ARC = YES;
				CLANG_ENABLE_OBJC_WEAK = YES;
				CLANG_WARN_BLOCK_CAPTURE_AUTORELEASING = YES;
				CLANG_WARN_BOOL_CONVERSION = YES;
				CLANG_WARN_COMMA = YES;
				CLANG_WARN_CONSTANT_CONVERSION = YES;
				CLANG_WARN_DEPRECATED_OBJC_IMPLEMENTATIONS = YES;
				CLANG_WARN_DIRECT_OBJC_ISA_USAGE = YES_ERROR;
				CLANG_WARN_DOCUMENTATION_COMMENTS = YES;
				CLANG_WARN_EMPTY_BODY = YES;
				CLANG_WARN_ENUM_CONVERSION = YES;
				CLANG_WARN_INFINITE_RECURSION = YES;
				CLANG_WARN_INT_CONVERSION = YES;
				CLANG_WARN_NON_LITERAL_NULL_CONVERSION = YES;
				CLANG_WARN_OBJC_IMPLICIT_RETAIN_SELF = YES;
				CLANG_WARN_OBJC_LITERAL_CONVERSION = YES;
				CLANG_WARN_OBJC_ROOT_CLASS = YES_ERROR;
				CLANG_WARN_RANGE_LOOP_ANALYSIS = YES;
				CLANG_WARN_STRICT_PROTOTYPES = YES;
				CLANG_WARN_SUSPICIOUS_MOVE = YES;
				CLANG_WARN_UNGUARDED_AVAILABILITY = YES_AGGRESSIVE;
				CLANG_WARN_UNREACHABLE_CODE = YES;
				CLANG_WARN__DUPLICATE_METHOD_MATCH = YES;
				CODE_SIGN_IDENTITY = "iPhone Developer";
				COPY_PHASE_STRIP = NO;
				DEBUG_INFORMATION_FORMAT = "dwarf-with-dsym";
				ENABLE_NS_ASSERTIONS = NO;
				ENABLE_STRICT_OBJC_MSGSEND = YES;
				GCC_C_LANGUAGE_STANDARD = gnu11;
				GCC_NO_COMMON_BLOCKS = YES;
				GCC_WARN_64_TO_32_BIT_CONVERSION = YES;
				GCC_WARN_ABOUT_RETURN_TYPE = YES_ERROR;
				GCC_WARN_UNDECLARED_SELECTOR = YES;
				GCC_WARN_UNINITIALIZED_AUTOS = YES_AGGRESSIVE;
				GCC_WARN_UNUSED_FUNCTION = YES;
				GCC_WARN_UNUSED_VARIABLE = YES;
				IPHONEOS_DEPLOYMENT_TARGET = 11.3;
				MTL_ENABLE_DEBUG_INFO = NO;
				SDKROOT = iphoneos;
				SWIFT_COMPILATION_MODE = wholemodule;
				SWIFT_OPTIMIZATION_LEVEL = "-O";
				VALIDATE_PRODUCT = YES;
			};
			name = Release;
		};
		B01ED5C62176FCC7008637D0 /* Debug */ = {
			isa = XCBuildConfiguration;
			baseConfigurationReference = 83C39FA64EB1D19E202F4B12 /* Pods-ShoppingTask.debug.xcconfig */;
			buildSettings = {
				ASSETCATALOG_COMPILER_APPICON_NAME = AppIcon;
				CODE_SIGN_STYLE = Automatic;
				DEVELOPMENT_TEAM = WC72QNYT4F;
				INFOPLIST_FILE = ShoppingTask/Info.plist;
				LD_RUNPATH_SEARCH_PATHS = (
					"$(inherited)",
					"@executable_path/Frameworks",
				);
				PRODUCT_BUNDLE_IDENTIFIER = Sunarc.ShoppingTask;
				PRODUCT_NAME = "$(TARGET_NAME)";
				SWIFT_VERSION = 4.0;
				TARGETED_DEVICE_FAMILY = "1,2";
			};
			name = Debug;
		};
		B01ED5C72176FCC7008637D0 /* Release */ = {
			isa = XCBuildConfiguration;
			baseConfigurationReference = 266141E3FFBB078E4827784D /* Pods-ShoppingTask.release.xcconfig */;
			buildSettings = {
				ASSETCATALOG_COMPILER_APPICON_NAME = AppIcon;
				CODE_SIGN_STYLE = Automatic;
				DEVELOPMENT_TEAM = WC72QNYT4F;
				INFOPLIST_FILE = ShoppingTask/Info.plist;
				LD_RUNPATH_SEARCH_PATHS = (
					"$(inherited)",
					"@executable_path/Frameworks",
				);
				PRODUCT_BUNDLE_IDENTIFIER = Sunarc.ShoppingTask;
				PRODUCT_NAME = "$(TARGET_NAME)";
				SWIFT_VERSION = 4.0;
				TARGETED_DEVICE_FAMILY = "1,2";
			};
			name = Release;
		};
/* End XCBuildConfiguration section */

/* Begin XCConfigurationList section */
		B01ED5AE2176FCC6008637D0 /* Build configuration list for PBXProject "ShoppingTask" */ = {
			isa = XCConfigurationList;
			buildConfigurations = (
				B01ED5C32176FCC7008637D0 /* Debug */,
				B01ED5C42176FCC7008637D0 /* Release */,
			);
			defaultConfigurationIsVisible = 0;
			defaultConfigurationName = Release;
		};
		B01ED5C52176FCC7008637D0 /* Build configuration list for PBXNativeTarget "ShoppingTask" */ = {
			isa = XCConfigurationList;
			buildConfigurations = (
				B01ED5C62176FCC7008637D0 /* Debug */,
				B01ED5C72176FCC7008637D0 /* Release */,
			);
			defaultConfigurationIsVisible = 0;
			defaultConfigurationName = Release;
		};
/* End XCConfigurationList section */
	};
	rootObject = B01ED5AB2176FCC6008637D0 /* Project object */;
}
