// !$*UTF8*$!
{
	archiveVersion = 1;
	classes = {
	};
	objectVersion = 50;
	objects = {

/* Begin PBXBuildFile section */
		1693DBB6AF672EAD1B3D3982 /* Pods_formVerticalStackviews.framework in Frameworks */ = {isa = PBXBuildFile; fileRef = C658EF6266EE9AD0D75FB3C1 /* Pods_formVerticalStackviews.framework */; };
		B016230121C4C06F00A9D288 /* AppDelegate.swift in Sources */ = {isa = PBXBuildFile; fileRef = B016230021C4C06F00A9D288 /* AppDelegate.swift */; };
		B016230321C4C06F00A9D288 /* ViewController.swift in Sources */ = {isa = PBXBuildFile; fileRef = B016230221C4C06F00A9D288 /* ViewController.swift */; };
		B016230621C4C06F00A9D288 /* Main.storyboard in Resources */ = {isa = PBXBuildFile; fileRef = B016230421C4C06F00A9D288 /* Main.storyboard */; };
		B016230821C4C07100A9D288 /* Assets.xcassets in Resources */ = {isa = PBXBuildFile; fileRef = B016230721C4C07100A9D288 /* Assets.xcassets */; };
		B016230B21C4C07100A9D288 /* LaunchScreen.storyboard in Resources */ = {isa = PBXBuildFile; fileRef = B016230921C4C07100A9D288 /* LaunchScreen.storyboard */; };
/* End PBXBuildFile section */

/* Begin PBXFileReference section */
		57B14A19C954DBF60C7E3035 /* Pods-formVerticalStackviews.release.xcconfig */ = {isa = PBXFileReference; includeInIndex = 1; lastKnownFileType = text.xcconfig; name = "Pods-formVerticalStackviews.release.xcconfig"; path = "Pods/Target Support Files/Pods-formVerticalStackviews/Pods-formVerticalStackviews.release.xcconfig"; sourceTree = "<group>"; };
		9721326C0BBC963F9E7CF233 /* Pods-formVerticalStackviews.debug.xcconfig */ = {isa = PBXFileReference; includeInIndex = 1; lastKnownFileType = text.xcconfig; name = "Pods-formVerticalStackviews.debug.xcconfig"; path = "Pods/Target Support Files/Pods-formVerticalStackviews/Pods-formVerticalStackviews.debug.xcconfig"; sourceTree = "<group>"; };
		B01622FD21C4C06F00A9D288 /* formVerticalStackviews.app */ = {isa = PBXFileReference; explicitFileType = wrapper.application; includeInIndex = 0; path = formVerticalStackviews.app; sourceTree = BUILT_PRODUCTS_DIR; };
		B016230021C4C06F00A9D288 /* AppDelegate.swift */ = {isa = PBXFileReference; lastKnownFileType = sourcecode.swift; path = AppDelegate.swift; sourceTree = "<group>"; };
		B016230221C4C06F00A9D288 /* ViewController.swift */ = {isa = PBXFileReference; lastKnownFileType = sourcecode.swift; path = ViewController.swift; sourceTree = "<group>"; };
		B016230521C4C06F00A9D288 /* Base */ = {isa = PBXFileReference; lastKnownFileType = file.storyboard; name = Base; path = Base.lproj/Main.storyboard; sourceTree = "<group>"; };
		B016230721C4C07100A9D288 /* Assets.xcassets */ = {isa = PBXFileReference; lastKnownFileType = folder.assetcatalog; path = Assets.xcassets; sourceTree = "<group>"; };
		B016230A21C4C07100A9D288 /* Base */ = {isa = PBXFileReference; lastKnownFileType = file.storyboard; name = Base; path = Base.lproj/LaunchScreen.storyboard; sourceTree = "<group>"; };
		B016230C21C4C07100A9D288 /* Info.plist */ = {isa = PBXFileReference; lastKnownFileType = text.plist.xml; path = Info.plist; sourceTree = "<group>"; };
		C658EF6266EE9AD0D75FB3C1 /* Pods_formVerticalStackviews.framework */ = {isa = PBXFileReference; explicitFileType = wrapper.framework; includeInIndex = 0; path = Pods_formVerticalStackviews.framework; sourceTree = BUILT_PRODUCTS_DIR; };
/* End PBXFileReference section */

/* Begin PBXFrameworksBuildPhase section */
		B01622FA21C4C06F00A9D288 /* Frameworks */ = {
			isa = PBXFrameworksBuildPhase;
			buildActionMask = 2147483647;
			files = (
				1693DBB6AF672EAD1B3D3982 /* Pods_formVerticalStackviews.framework in Frameworks */,
			);
			runOnlyForDeploymentPostprocessing = 0;
		};
/* End PBXFrameworksBuildPhase section */

/* Begin PBXGroup section */
		B01622F421C4C06F00A9D288 = {
			isa = PBXGroup;
			children = (
				B01622FF21C4C06F00A9D288 /* formVerticalStackviews */,
				B01622FE21C4C06F00A9D288 /* Products */,
				F60D8D0A4DF57A4C4D359B15 /* Pods */,
				B1D339DAFA34434AEDB2DABE /* Frameworks */,
			);
			sourceTree = "<group>";
		};
		B01622FE21C4C06F00A9D288 /* Products */ = {
			isa = PBXGroup;
			children = (
				B01622FD21C4C06F00A9D288 /* formVerticalStackviews.app */,
			);
			name = Products;
			sourceTree = "<group>";
		};
		B01622FF21C4C06F00A9D288 /* formVerticalStackviews */ = {
			isa = PBXGroup;
			children = (
				B016230021C4C06F00A9D288 /* AppDelegate.swift */,
				B016230221C4C06F00A9D288 /* ViewController.swift */,
				B016230421C4C06F00A9D288 /* Main.storyboard */,
				B016230721C4C07100A9D288 /* Assets.xcassets */,
				B016230921C4C07100A9D288 /* LaunchScreen.storyboard */,
				B016230C21C4C07100A9D288 /* Info.plist */,
			);
			path = formVerticalStackviews;
			sourceTree = "<group>";
		};
		B1D339DAFA34434AEDB2DABE /* Frameworks */ = {
			isa = PBXGroup;
			children = (
				C658EF6266EE9AD0D75FB3C1 /* Pods_formVerticalStackviews.framework */,
			);
			name = Frameworks;
			sourceTree = "<group>";
		};
		F60D8D0A4DF57A4C4D359B15 /* Pods */ = {
			isa = PBXGroup;
			children = (
				9721326C0BBC963F9E7CF233 /* Pods-formVerticalStackviews.debug.xcconfig */,
				57B14A19C954DBF60C7E3035 /* Pods-formVerticalStackviews.release.xcconfig */,
			);
			name = Pods;
			sourceTree = "<group>";
		};
/* End PBXGroup section */

/* Begin PBXNativeTarget section */
		B01622FC21C4C06F00A9D288 /* formVerticalStackviews */ = {
			isa = PBXNativeTarget;
			buildConfigurationList = B016230F21C4C07100A9D288 /* Build configuration list for PBXNativeTarget "formVerticalStackviews" */;
			buildPhases = (
				C87720E7AC87621DEC2A972C /* [CP] Check Pods Manifest.lock */,
				B01622F921C4C06F00A9D288 /* Sources */,
				B01622FA21C4C06F00A9D288 /* Frameworks */,
				B01622FB21C4C06F00A9D288 /* Resources */,
				E0F7E4B88C0BEB60D3C2DB52 /* [CP] Embed Pods Frameworks */,
			);
			buildRules = (
			);
			dependencies = (
			);
			name = formVerticalStackviews;
			productName = formVerticalStackviews;
			productReference = B01622FD21C4C06F00A9D288 /* formVerticalStackviews.app */;
			productType = "com.apple.product-type.application";
		};
/* End PBXNativeTarget section */

/* Begin PBXProject section */
		B01622F521C4C06F00A9D288 /* Project object */ = {
			isa = PBXProject;
			attributes = {
				LastSwiftUpdateCheck = 1000;
				LastUpgradeCheck = 1000;
				ORGANIZATIONNAME = SunarcMac;
				TargetAttributes = {
					B01622FC21C4C06F00A9D288 = {
						CreatedOnToolsVersion = 10.0;
					};
				};
			};
			buildConfigurationList = B01622F821C4C06F00A9D288 /* Build configuration list for PBXProject "formVerticalStackviews" */;
			compatibilityVersion = "Xcode 9.3";
			developmentRegion = en;
			hasScannedForEncodings = 0;
			knownRegions = (
				en,
				Base,
			);
			mainGroup = B01622F421C4C06F00A9D288;
			productRefGroup = B01622FE21C4C06F00A9D288 /* Products */;
			projectDirPath = "";
			projectRoot = "";
			targets = (
				B01622FC21C4C06F00A9D288 /* formVerticalStackviews */,
			);
		};
/* End PBXProject section */

/* Begin PBXResourcesBuildPhase section */
		B01622FB21C4C06F00A9D288 /* Resources */ = {
			isa = PBXResourcesBuildPhase;
			buildActionMask = 2147483647;
			files = (
				B016230B21C4C07100A9D288 /* LaunchScreen.storyboard in Resources */,
				B016230821C4C07100A9D288 /* Assets.xcassets in Resources */,
				B016230621C4C06F00A9D288 /* Main.storyboard in Resources */,
			);
			runOnlyForDeploymentPostprocessing = 0;
		};
/* End PBXResourcesBuildPhase section */

/* Begin PBXShellScriptBuildPhase section */
		C87720E7AC87621DEC2A972C /* [CP] Check Pods Manifest.lock */ = {
			isa = PBXShellScriptBuildPhase;
			buildActionMask = 2147483647;
			files = (
			);
			inputFileListPaths = (
			);
			inputPaths = (
				"${PODS_PODFILE_DIR_PATH}/Podfile.lock",
				"${PODS_ROOT}/Manifest.lock",
			);
			name = "[CP] Check Pods Manifest.lock";
			outputFileListPaths = (
			);
			outputPaths = (
				"$(DERIVED_FILE_DIR)/Pods-formVerticalStackviews-checkManifestLockResult.txt",
			);
			runOnlyForDeploymentPostprocessing = 0;
			shellPath = /bin/sh;
			shellScript = "diff \"${PODS_PODFILE_DIR_PATH}/Podfile.lock\" \"${PODS_ROOT}/Manifest.lock\" > /dev/null\nif [ $? != 0 ] ; then\n    # print error to STDERR\n    echo \"error: The sandbox is not in sync with the Podfile.lock. Run 'pod install' or update your CocoaPods installation.\" >&2\n    exit 1\nfi\n# This output is used by Xcode 'outputs' to avoid re-running this script phase.\necho \"SUCCESS\" > \"${SCRIPT_OUTPUT_FILE_0}\"\n";
			showEnvVarsInLog = 0;
		};
		E0F7E4B88C0BEB60D3C2DB52 /* [CP] Embed Pods Frameworks */ = {
			isa = PBXShellScriptBuildPhase;
			buildActionMask = 2147483647;
			files = (
			);
			inputFileListPaths = (
			);
			inputPaths = (
				"${SRCROOT}/Pods/Target Support Files/Pods-formVerticalStackviews/Pods-formVerticalStackviews-frameworks.sh",
				"${BUILT_PRODUCTS_DIR}/IQKeyboardManagerSwift/IQKeyboardManagerSwift.framework",
			);
			name = "[CP] Embed Pods Frameworks";
			outputFileListPaths = (
			);
			outputPaths = (
				"${TARGET_BUILD_DIR}/${FRAMEWORKS_FOLDER_PATH}/IQKeyboardManagerSwift.framework",
			);
			runOnlyForDeploymentPostprocessing = 0;
			shellPath = /bin/sh;
			shellScript = "\"${SRCROOT}/Pods/Target Support Files/Pods-formVerticalStackviews/Pods-formVerticalStackviews-frameworks.sh\"\n";
			showEnvVarsInLog = 0;
		};
/* End PBXShellScriptBuildPhase section */

/* Begin PBXSourcesBuildPhase section */
		B01622F921C4C06F00A9D288 /* Sources */ = {
			isa = PBXSourcesBuildPhase;
			buildActionMask = 2147483647;
			files = (
				B016230321C4C06F00A9D288 /* ViewController.swift in Sources */,
				B016230121C4C06F00A9D288 /* AppDelegate.swift in Sources */,
			);
			runOnlyForDeploymentPostprocessing = 0;
		};
/* End PBXSourcesBuildPhase section */

/* Begin PBXVariantGroup section */
		B016230421C4C06F00A9D288 /* Main.storyboard */ = {
			isa = PBXVariantGroup;
			children = (
				B016230521C4C06F00A9D288 /* Base */,
			);
			name = Main.storyboard;
			sourceTree = "<group>";
		};
		B016230921C4C07100A9D288 /* LaunchScreen.storyboard */ = {
			isa = PBXVariantGroup;
			children = (
				B016230A21C4C07100A9D288 /* Base */,
			);
			name = LaunchScreen.storyboard;
			sourceTree = "<group>";
		};
/* End PBXVariantGroup section */

/* Begin XCBuildConfiguration section */
		B016230D21C4C07100A9D288 /* Debug */ = {
			isa = XCBuildConfiguration;
			buildSettings = {
				ALWAYS_SEARCH_USER_PATHS = NO;
				CLANG_ANALYZER_NONNULL = YES;
				CLANG_ANALYZER_NUMBER_OBJECT_CONVERSION = YES_AGGRESSIVE;
				CLANG_CXX_LANGUAGE_STANDARD = "gnu++14";
				CLANG_CXX_LIBRARY = "libc++";
				CLANG_ENABLE_MODULES = YES;
				CLANG_ENABLE_OBJC_ARC = YES;
				CLANG_ENABLE_OBJC_WEAK = YES;
				CLANG_WARN_BLOCK_CAPTURE_AUTORELEASING = YES;
				CLANG_WARN_BOOL_CONVERSION = YES;
				CLANG_WARN_COMMA = YES;
				CLANG_WARN_CONSTANT_CONVERSION = YES;
				CLANG_WARN_DEPRECATED_OBJC_IMPLEMENTATIONS = YES;
				CLANG_WARN_DIRECT_OBJC_ISA_USAGE = YES_ERROR;
				CLANG_WARN_DOCUMENTATION_COMMENTS = YES;
				CLANG_WARN_EMPTY_BODY = YES;
				CLANG_WARN_ENUM_CONVERSION = YES;
				CLANG_WARN_INFINITE_RECURSION = YES;
				CLANG_WARN_INT_CONVERSION = YES;
				CLANG_WARN_NON_LITERAL_NULL_CONVERSION = YES;
				CLANG_WARN_OBJC_IMPLICIT_RETAIN_SELF = YES;
				CLANG_WARN_OBJC_LITERAL_CONVERSION = YES;
				CLANG_WARN_OBJC_ROOT_CLASS = YES_ERROR;
				CLANG_WARN_RANGE_LOOP_ANALYSIS = YES;
				CLANG_WARN_STRICT_PROTOTYPES = YES;
				CLANG_WARN_SUSPICIOUS_MOVE = YES;
				CLANG_WARN_UNGUARDED_AVAILABILITY = YES_AGGRESSIVE;
				CLANG_WARN_UNREACHABLE_CODE = YES;
				CLANG_WARN__DUPLICATE_METHOD_MATCH = YES;
				CODE_SIGN_IDENTITY = "iPhone Developer";
				COPY_PHASE_STRIP = NO;
				DEBUG_INFORMATION_FORMAT = dwarf;
				ENABLE_STRICT_OBJC_MSGSEND = YES;
				ENABLE_TESTABILITY = YES;
				GCC_C_LANGUAGE_STANDARD = gnu11;
				GCC_DYNAMIC_NO_PIC = NO;
				GCC_NO_COMMON_BLOCKS = YES;
				GCC_OPTIMIZATION_LEVEL = 0;
				GCC_PREPROCESSOR_DEFINITIONS = (
					"DEBUG=1",
					"$(inherited)",
				);
				GCC_WARN_64_TO_32_BIT_CONVERSION = YES;
				GCC_WARN_ABOUT_RETURN_TYPE = YES_ERROR;
				GCC_WARN_UNDECLARED_SELECTOR = YES;
				GCC_WARN_UNINITIALIZED_AUTOS = YES_AGGRESSIVE;
				GCC_WARN_UNUSED_FUNCTION = YES;
				GCC_WARN_UNUSED_VARIABLE = YES;
				IPHONEOS_DEPLOYMENT_TARGET = 12.0;
				MTL_ENABLE_DEBUG_INFO = INCLUDE_SOURCE;
				MTL_FAST_MATH = YES;
				ONLY_ACTIVE_ARCH = YES;
				SDKROOT = iphoneos;
				SWIFT_ACTIVE_COMPILATION_CONDITIONS = DEBUG;
				SWIFT_OPTIMIZATION_LEVEL = "-Onone";
			};
			name = Debug;
		};
		B016230E21C4C07100A9D288 /* Release */ = {
			isa = XCBuildConfiguration;
			buildSettings = {
				ALWAYS_SEARCH_USER_PATHS = NO;
				CLANG_ANALYZER_NONNULL = YES;
				CLANG_ANALYZER_NUMBER_OBJECT_CONVERSION = YES_AGGRESSIVE;
				CLANG_CXX_LANGUAGE_STANDARD = "gnu++14";
				CLANG_CXX_LIBRARY = "libc++";
				CLANG_ENABLE_MODULES = YES;
				CLANG_ENABLE_OBJC_ARC = YES;
				CLANG_ENABLE_OBJC_WEAK = YES;
				CLANG_WARN_BLOCK_CAPTURE_AUTORELEASING = YES;
				CLANG_WARN_BOOL_CONVERSION = YES;
				CLANG_WARN_COMMA = YES;
				CLANG_WARN_CONSTANT_CONVERSION = YES;
				CLANG_WARN_DEPRECATED_OBJC_IMPLEMENTATIONS = YES;
				CLANG_WARN_DIRECT_OBJC_ISA_USAGE = YES_ERROR;
				CLANG_WARN_DOCUMENTATION_COMMENTS = YES;
				CLANG_WARN_EMPTY_BODY = YES;
				CLANG_WARN_ENUM_CONVERSION = YES;
				CLANG_WARN_INFINITE_RECURSION = YES;
				CLANG_WARN_INT_CONVERSION = YES;
				CLANG_WARN_NON_LITERAL_NULL_CONVERSION = YES;
				CLANG_WARN_OBJC_IMPLICIT_RETAIN_SELF = YES;
				CLANG_WARN_OBJC_LITERAL_CONVERSION = YES;
				CLANG_WARN_OBJC_ROOT_CLASS = YES_ERROR;
				CLANG_WARN_RANGE_LOOP_ANALYSIS = YES;
				CLANG_WARN_STRICT_PROTOTYPES = YES;
				CLANG_WARN_SUSPICIOUS_MOVE = YES;
				CLANG_WARN_UNGUARDED_AVAILABILITY = YES_AGGRESSIVE;
				CLANG_WARN_UNREACHABLE_CODE = YES;
				CLANG_WARN__DUPLICATE_METHOD_MATCH = YES;
				CODE_SIGN_IDENTITY = "iPhone Developer";
				COPY_PHASE_STRIP = NO;
				DEBUG_INFORMATION_FORMAT = "dwarf-with-dsym";
				ENABLE_NS_ASSERTIONS = NO;
				ENABLE_STRICT_OBJC_MSGSEND = YES;
				GCC_C_LANGUAGE_STANDARD = gnu11;
				GCC_NO_COMMON_BLOCKS = YES;
				GCC_WARN_64_TO_32_BIT_CONVERSION = YES;
				GCC_WARN_ABOUT_RETURN_TYPE = YES_ERROR;
				GCC_WARN_UNDECLARED_SELECTOR = YES;
				GCC_WARN_UNINITIALIZED_AUTOS = YES_AGGRESSIVE;
				GCC_WARN_UNUSED_FUNCTION = YES;
				GCC_WARN_UNUSED_VARIABLE = YES;
				IPHONEOS_DEPLOYMENT_TARGET = 12.0;
				MTL_ENABLE_DEBUG_INFO = NO;
				MTL_FAST_MATH = YES;
				SDKROOT = iphoneos;
				SWIFT_COMPILATION_MODE = wholemodule;
				SWIFT_OPTIMIZATION_LEVEL = "-O";
				VALIDATE_PRODUCT = YES;
			};
			name = Release;
		};
		B016231021C4C07100A9D288 /* Debug */ = {
			isa = XCBuildConfiguration;
			baseConfigurationReference = 9721326C0BBC963F9E7CF233 /* Pods-formVerticalStackviews.debug.xcconfig */;
			buildSettings = {
				ASSETCATALOG_COMPILER_APPICON_NAME = AppIcon;
				CODE_SIGN_STYLE = Automatic;
				DEVELOPMENT_TEAM = WC72QNYT4F;
				INFOPLIST_FILE = formVerticalStackviews/Info.plist;
				LD_RUNPATH_SEARCH_PATHS = (
					"$(inherited)",
					"@executable_path/Frameworks",
				);
				PRODUCT_BUNDLE_IDENTIFIER = Sunarc.formVerticalStackviews;
				PRODUCT_NAME = "$(TARGET_NAME)";
				SWIFT_VERSION = 4.2;
				TARGETED_DEVICE_FAMILY = "1,2";
			};
			name = Debug;
		};
		B016231121C4C07100A9D288 /* Release */ = {
			isa = XCBuildConfiguration;
			baseConfigurationReference = 57B14A19C954DBF60C7E3035 /* Pods-formVerticalStackviews.release.xcconfig */;
			buildSettings = {
				ASSETCATALOG_COMPILER_APPICON_NAME = AppIcon;
				CODE_SIGN_STYLE = Automatic;
				DEVELOPMENT_TEAM = WC72QNYT4F;
				INFOPLIST_FILE = formVerticalStackviews/Info.plist;
				LD_RUNPATH_SEARCH_PATHS = (
					"$(inherited)",
					"@executable_path/Frameworks",
				);
				PRODUCT_BUNDLE_IDENTIFIER = Sunarc.formVerticalStackviews;
				PRODUCT_NAME = "$(TARGET_NAME)";
				SWIFT_VERSION = 4.2;
				TARGETED_DEVICE_FAMILY = "1,2";
			};
			name = Release;
		};
/* End XCBuildConfiguration section */

/* Begin XCConfigurationList section */
		B01622F821C4C06F00A9D288 /* Build configuration list for PBXProject "formVerticalStackviews" */ = {
			isa = XCConfigurationList;
			buildConfigurations = (
				B016230D21C4C07100A9D288 /* Debug */,
				B016230E21C4C07100A9D288 /* Release */,
			);
			defaultConfigurationIsVisible = 0;
			defaultConfigurationName = Release;
		};
		B016230F21C4C07100A9D288 /* Build configuration list for PBXNativeTarget "formVerticalStackviews" */ = {
			isa = XCConfigurationList;
			buildConfigurations = (
				B016231021C4C07100A9D288 /* Debug */,
				B016231121C4C07100A9D288 /* Release */,
			);
			defaultConfigurationIsVisible = 0;
			defaultConfigurationName = Release;
		};
/* End XCConfigurationList section */
	};
	rootObject = B01622F521C4C06F00A9D288 /* Project object */;
}
