// !$*UTF8*$!
{
	archiveVersion = 1;
	classes = {
	};
	objectVersion = 50;
	objects = {

/* Begin PBXBuildFile section */
		B0B4322B220D72FE00C167CF /* AppDelegate.swift in Sources */ = {isa = PBXBuildFile; fileRef = B0B4322A220D72FE00C167CF /* AppDelegate.swift */; };
		B0B4322D220D72FE00C167CF /* ViewController.swift in Sources */ = {isa = PBXBuildFile; fileRef = B0B4322C220D72FE00C167CF /* ViewController.swift */; };
		B0B43230220D72FE00C167CF /* Main.storyboard in Resources */ = {isa = PBXBuildFile; fileRef = B0B4322E220D72FE00C167CF /* Main.storyboard */; };
		B0B43232220D730000C167CF /* Assets.xcassets in Resources */ = {isa = PBXBuildFile; fileRef = B0B43231220D730000C167CF /* Assets.xcassets */; };
		B0B43235220D730000C167CF /* LaunchScreen.storyboard in Resources */ = {isa = PBXBuildFile; fileRef = B0B43233220D730000C167CF /* LaunchScreen.storyboard */; };
		B0B43249220D7AC400C167CF /* RTL.swift in Sources */ = {isa = PBXBuildFile; fileRef = B0B43248220D7AC400C167CF /* RTL.swift */; };
		B0B4324B220D7C4D00C167CF /* TableVC.swift in Sources */ = {isa = PBXBuildFile; fileRef = B0B4324A220D7C4D00C167CF /* TableVC.swift */; };
/* End PBXBuildFile section */

/* Begin PBXFileReference section */
		B00F9981221159B400E6C7E8 /* ar */ = {isa = PBXFileReference; lastKnownFileType = text.plist.strings; name = ar; path = ar.lproj/Main.strings; sourceTree = "<group>"; };
		B00F9982221159B400E6C7E8 /* ar */ = {isa = PBXFileReference; lastKnownFileType = text.plist.strings; name = ar; path = ar.lproj/LaunchScreen.strings; sourceTree = "<group>"; };
		B0B43227220D72FE00C167CF /* translateUI.app */ = {isa = PBXFileReference; explicitFileType = wrapper.application; includeInIndex = 0; path = translateUI.app; sourceTree = BUILT_PRODUCTS_DIR; };
		B0B4322A220D72FE00C167CF /* AppDelegate.swift */ = {isa = PBXFileReference; lastKnownFileType = sourcecode.swift; path = AppDelegate.swift; sourceTree = "<group>"; };
		B0B4322C220D72FE00C167CF /* ViewController.swift */ = {isa = PBXFileReference; lastKnownFileType = sourcecode.swift; path = ViewController.swift; sourceTree = "<group>"; };
		B0B4322F220D72FE00C167CF /* Base */ = {isa = PBXFileReference; lastKnownFileType = file.storyboard; name = Base; path = Base.lproj/Main.storyboard; sourceTree = "<group>"; };
		B0B43231220D730000C167CF /* Assets.xcassets */ = {isa = PBXFileReference; lastKnownFileType = folder.assetcatalog; path = Assets.xcassets; sourceTree = "<group>"; };
		B0B43234220D730000C167CF /* Base */ = {isa = PBXFileReference; lastKnownFileType = file.storyboard; name = Base; path = Base.lproj/LaunchScreen.storyboard; sourceTree = "<group>"; };
		B0B43236220D730000C167CF /* Info.plist */ = {isa = PBXFileReference; lastKnownFileType = text.plist.xml; path = Info.plist; sourceTree = "<group>"; };
		B0B43248220D7AC400C167CF /* RTL.swift */ = {isa = PBXFileReference; lastKnownFileType = sourcecode.swift; path = RTL.swift; sourceTree = "<group>"; };
		B0B4324A220D7C4D00C167CF /* TableVC.swift */ = {isa = PBXFileReference; lastKnownFileType = sourcecode.swift; path = TableVC.swift; sourceTree = "<group>"; };
/* End PBXFileReference section */

/* Begin PBXFrameworksBuildPhase section */
		B0B43224220D72FE00C167CF /* Frameworks */ = {
			isa = PBXFrameworksBuildPhase;
			buildActionMask = 2147483647;
			files = (
			);
			runOnlyForDeploymentPostprocessing = 0;
		};
/* End PBXFrameworksBuildPhase section */

/* Begin PBXGroup section */
		B0B4321E220D72FE00C167CF = {
			isa = PBXGroup;
			children = (
				B0B43229220D72FE00C167CF /* translateUI */,
				B0B43228220D72FE00C167CF /* Products */,
			);
			sourceTree = "<group>";
		};
		B0B43228220D72FE00C167CF /* Products */ = {
			isa = PBXGroup;
			children = (
				B0B43227220D72FE00C167CF /* translateUI.app */,
			);
			name = Products;
			sourceTree = "<group>";
		};
		B0B43229220D72FE00C167CF /* translateUI */ = {
			isa = PBXGroup;
			children = (
				B0B43248220D7AC400C167CF /* RTL.swift */,
				B0B4322A220D72FE00C167CF /* AppDelegate.swift */,
				B0B4322C220D72FE00C167CF /* ViewController.swift */,
				B0B4322E220D72FE00C167CF /* Main.storyboard */,
				B0B43231220D730000C167CF /* Assets.xcassets */,
				B0B43233220D730000C167CF /* LaunchScreen.storyboard */,
				B0B43236220D730000C167CF /* Info.plist */,
				B0B4324A220D7C4D00C167CF /* TableVC.swift */,
			);
			path = translateUI;
			sourceTree = "<group>";
		};
/* End PBXGroup section */

/* Begin PBXNativeTarget section */
		B0B43226220D72FE00C167CF /* translateUI */ = {
			isa = PBXNativeTarget;
			buildConfigurationList = B0B43239220D730000C167CF /* Build configuration list for PBXNativeTarget "translateUI" */;
			buildPhases = (
				B0B43223220D72FE00C167CF /* Sources */,
				B0B43224220D72FE00C167CF /* Frameworks */,
				B0B43225220D72FE00C167CF /* Resources */,
			);
			buildRules = (
			);
			dependencies = (
			);
			name = translateUI;
			productName = translateUI;
			productReference = B0B43227220D72FE00C167CF /* translateUI.app */;
			productType = "com.apple.product-type.application";
		};
/* End PBXNativeTarget section */

/* Begin PBXProject section */
		B0B4321F220D72FE00C167CF /* Project object */ = {
			isa = PBXProject;
			attributes = {
				LastSwiftUpdateCheck = 1010;
				LastUpgradeCheck = 1010;
				ORGANIZATIONNAME = SunarcMac;
				TargetAttributes = {
					B0B43226220D72FE00C167CF = {
						CreatedOnToolsVersion = 10.1;
					};
				};
			};
			buildConfigurationList = B0B43222220D72FE00C167CF /* Build configuration list for PBXProject "translateUI" */;
			compatibilityVersion = "Xcode 9.3";
			developmentRegion = en;
			hasScannedForEncodings = 0;
			knownRegions = (
				en,
				Base,
			);
			mainGroup = B0B4321E220D72FE00C167CF;
			productRefGroup = B0B43228220D72FE00C167CF /* Products */;
			projectDirPath = "";
			projectRoot = "";
			targets = (
				B0B43226220D72FE00C167CF /* translateUI */,
			);
		};
/* End PBXProject section */

/* Begin PBXResourcesBuildPhase section */
		B0B43225220D72FE00C167CF /* Resources */ = {
			isa = PBXResourcesBuildPhase;
			buildActionMask = 2147483647;
			files = (
				B0B43235220D730000C167CF /* LaunchScreen.storyboard in Resources */,
				B0B43232220D730000C167CF /* Assets.xcassets in Resources */,
				B0B43230220D72FE00C167CF /* Main.storyboard in Resources */,
			);
			runOnlyForDeploymentPostprocessing = 0;
		};
/* End PBXResourcesBuildPhase section */

/* Begin PBXSourcesBuildPhase section */
		B0B43223220D72FE00C167CF /* Sources */ = {
			isa = PBXSourcesBuildPhase;
			buildActionMask = 2147483647;
			files = (
				B0B4322D220D72FE00C167CF /* ViewController.swift in Sources */,
				B0B4324B220D7C4D00C167CF /* TableVC.swift in Sources */,
				B0B43249220D7AC400C167CF /* RTL.swift in Sources */,
				B0B4322B220D72FE00C167CF /* AppDelegate.swift in Sources */,
			);
			runOnlyForDeploymentPostprocessing = 0;
		};
/* End PBXSourcesBuildPhase section */

/* Begin PBXVariantGroup section */
		B0B4322E220D72FE00C167CF /* Main.storyboard */ = {
			isa = PBXVariantGroup;
			children = (
				B0B4322F220D72FE00C167CF /* Base */,
				B00F9981221159B400E6C7E8 /* ar */,
			);
			name = Main.storyboard;
			sourceTree = "<group>";
		};
		B0B43233220D730000C167CF /* LaunchScreen.storyboard */ = {
			isa = PBXVariantGroup;
			children = (
				B0B43234220D730000C167CF /* Base */,
				B00F9982221159B400E6C7E8 /* ar */,
			);
			name = LaunchScreen.storyboard;
			sourceTree = "<group>";
		};
/* End PBXVariantGroup section */

/* Begin XCBuildConfiguration section */
		B0B43237220D730000C167CF /* Debug */ = {
			isa = XCBuildConfiguration;
			buildSettings = {
				ALWAYS_SEARCH_USER_PATHS = NO;
				CLANG_ANALYZER_LOCALIZABILITY_NONLOCALIZED = YES;
				CLANG_ANALYZER_NONNULL = YES;
				CLANG_ANALYZER_NUMBER_OBJECT_CONVERSION = YES_AGGRESSIVE;
				CLANG_CXX_LANGUAGE_STANDARD = "gnu++14";
				CLANG_CXX_LIBRARY = "libc++";
				CLANG_ENABLE_MODULES = YES;
				CLANG_ENABLE_OBJC_ARC = YES;
				CLANG_ENABLE_OBJC_WEAK = YES;
				CLANG_WARN_BLOCK_CAPTURE_AUTORELEASING = YES;
				CLANG_WARN_BOOL_CONVERSION = YES;
				CLANG_WARN_COMMA = YES;
				CLANG_WARN_CONSTANT_CONVERSION = YES;
				CLANG_WARN_DEPRECATED_OBJC_IMPLEMENTATIONS = YES;
				CLANG_WARN_DIRECT_OBJC_ISA_USAGE = YES_ERROR;
				CLANG_WARN_DOCUMENTATION_COMMENTS = YES;
				CLANG_WARN_EMPTY_BODY = YES;
				CLANG_WARN_ENUM_CONVERSION = YES;
				CLANG_WARN_INFINITE_RECURSION = YES;
				CLANG_WARN_INT_CONVERSION = YES;
				CLANG_WARN_NON_LITERAL_NULL_CONVERSION = YES;
				CLANG_WARN_OBJC_IMPLICIT_RETAIN_SELF = YES;
				CLANG_WARN_OBJC_LITERAL_CONVERSION = YES;
				CLANG_WARN_OBJC_ROOT_CLASS = YES_ERROR;
				CLANG_WARN_RANGE_LOOP_ANALYSIS = YES;
				CLANG_WARN_STRICT_PROTOTYPES = YES;
				CLANG_WARN_SUSPICIOUS_MOVE = YES;
				CLANG_WARN_UNGUARDED_AVAILABILITY = YES_AGGRESSIVE;
				CLANG_WARN_UNREACHABLE_CODE = YES;
				CLANG_WARN__DUPLICATE_METHOD_MATCH = YES;
				CODE_SIGN_IDENTITY = "iPhone Developer";
				COPY_PHASE_STRIP = NO;
				DEBUG_INFORMATION_FORMAT = dwarf;
				ENABLE_STRICT_OBJC_MSGSEND = YES;
				ENABLE_TESTABILITY = YES;
				GCC_C_LANGUAGE_STANDARD = gnu11;
				GCC_DYNAMIC_NO_PIC = NO;
				GCC_NO_COMMON_BLOCKS = YES;
				GCC_OPTIMIZATION_LEVEL = 0;
				GCC_PREPROCESSOR_DEFINITIONS = (
					"DEBUG=1",
					"$(inherited)",
				);
				GCC_WARN_64_TO_32_BIT_CONVERSION = YES;
				GCC_WARN_ABOUT_RETURN_TYPE = YES_ERROR;
				GCC_WARN_UNDECLARED_SELECTOR = YES;
				GCC_WARN_UNINITIALIZED_AUTOS = YES_AGGRESSIVE;
				GCC_WARN_UNUSED_FUNCTION = YES;
				GCC_WARN_UNUSED_VARIABLE = YES;
				IPHONEOS_DEPLOYMENT_TARGET = 12.1;
				MTL_ENABLE_DEBUG_INFO = INCLUDE_SOURCE;
				MTL_FAST_MATH = YES;
				ONLY_ACTIVE_ARCH = YES;
				SDKROOT = iphoneos;
				SWIFT_ACTIVE_COMPILATION_CONDITIONS = DEBUG;
				SWIFT_OPTIMIZATION_LEVEL = "-Onone";
			};
			name = Debug;
		};
		B0B43238220D730000C167CF /* Release */ = {
			isa = XCBuildConfiguration;
			buildSettings = {
				ALWAYS_SEARCH_USER_PATHS = NO;
				CLANG_ANALYZER_LOCALIZABILITY_NONLOCALIZED = YES;
				CLANG_ANALYZER_NONNULL = YES;
				CLANG_ANALYZER_NUMBER_OBJECT_CONVERSION = YES_AGGRESSIVE;
				CLANG_CXX_LANGUAGE_STANDARD = "gnu++14";
				CLANG_CXX_LIBRARY = "libc++";
				CLANG_ENABLE_MODULES = YES;
				CLANG_ENABLE_OBJC_ARC = YES;
				CLANG_ENABLE_OBJC_WEAK = YES;
				CLANG_WARN_BLOCK_CAPTURE_AUTORELEASING = YES;
				CLANG_WARN_BOOL_CONVERSION = YES;
				CLANG_WARN_COMMA = YES;
				CLANG_WARN_CONSTANT_CONVERSION = YES;
				CLANG_WARN_DEPRECATED_OBJC_IMPLEMENTATIONS = YES;
				CLANG_WARN_DIRECT_OBJC_ISA_USAGE = YES_ERROR;
				CLANG_WARN_DOCUMENTATION_COMMENTS = YES;
				CLANG_WARN_EMPTY_BODY = YES;
				CLANG_WARN_ENUM_CONVERSION = YES;
				CLANG_WARN_INFINITE_RECURSION = YES;
				CLANG_WARN_INT_CONVERSION = YES;
				CLANG_WARN_NON_LITERAL_NULL_CONVERSION = YES;
				CLANG_WARN_OBJC_IMPLICIT_RETAIN_SELF = YES;
				CLANG_WARN_OBJC_LITERAL_CONVERSION = YES;
				CLANG_WARN_OBJC_ROOT_CLASS = YES_ERROR;
				CLANG_WARN_RANGE_LOOP_ANALYSIS = YES;
				CLANG_WARN_STRICT_PROTOTYPES = YES;
				CLANG_WARN_SUSPICIOUS_MOVE = YES;
				CLANG_WARN_UNGUARDED_AVAILABILITY = YES_AGGRESSIVE;
				CLANG_WARN_UNREACHABLE_CODE = YES;
				CLANG_WARN__DUPLICATE_METHOD_MATCH = YES;
				CODE_SIGN_IDENTITY = "iPhone Developer";
				COPY_PHASE_STRIP = NO;
				DEBUG_INFORMATION_FORMAT = "dwarf-with-dsym";
				ENABLE_NS_ASSERTIONS = NO;
				ENABLE_STRICT_OBJC_MSGSEND = YES;
				GCC_C_LANGUAGE_STANDARD = gnu11;
				GCC_NO_COMMON_BLOCKS = YES;
				GCC_WARN_64_TO_32_BIT_CONVERSION = YES;
				GCC_WARN_ABOUT_RETURN_TYPE = YES_ERROR;
				GCC_WARN_UNDECLARED_SELECTOR = YES;
				GCC_WARN_UNINITIALIZED_AUTOS = YES_AGGRESSIVE;
				GCC_WARN_UNUSED_FUNCTION = YES;
				GCC_WARN_UNUSED_VARIABLE = YES;
				IPHONEOS_DEPLOYMENT_TARGET = 12.1;
				MTL_ENABLE_DEBUG_INFO = NO;
				MTL_FAST_MATH = YES;
				SDKROOT = iphoneos;
				SWIFT_COMPILATION_MODE = wholemodule;
				SWIFT_OPTIMIZATION_LEVEL = "-O";
				VALIDATE_PRODUCT = YES;
			};
			name = Release;
		};
		B0B4323A220D730000C167CF /* Debug */ = {
			isa = XCBuildConfiguration;
			buildSettings = {
				ASSETCATALOG_COMPILER_APPICON_NAME = AppIcon;
				CODE_SIGN_STYLE = Automatic;
				DEVELOPMENT_TEAM = JYB74FS4RY;
				INFOPLIST_FILE = translateUI/Info.plist;
				LD_RUNPATH_SEARCH_PATHS = (
					"$(inherited)",
					"@executable_path/Frameworks",
				);
				PRODUCT_BUNDLE_IDENTIFIER = Sunarc.translateUI;
				PRODUCT_NAME = "$(TARGET_NAME)";
				SWIFT_VERSION = 4.2;
				TARGETED_DEVICE_FAMILY = "1,2";
			};
			name = Debug;
		};
		B0B4323B220D730000C167CF /* Release */ = {
			isa = XCBuildConfiguration;
			buildSettings = {
				ASSETCATALOG_COMPILER_APPICON_NAME = AppIcon;
				CODE_SIGN_STYLE = Automatic;
				DEVELOPMENT_TEAM = JYB74FS4RY;
				INFOPLIST_FILE = translateUI/Info.plist;
				LD_RUNPATH_SEARCH_PATHS = (
					"$(inherited)",
					"@executable_path/Frameworks",
				);
				PRODUCT_BUNDLE_IDENTIFIER = Sunarc.translateUI;
				PRODUCT_NAME = "$(TARGET_NAME)";
				SWIFT_VERSION = 4.2;
				TARGETED_DEVICE_FAMILY = "1,2";
			};
			name = Release;
		};
/* End XCBuildConfiguration section */

/* Begin XCConfigurationList section */
		B0B43222220D72FE00C167CF /* Build configuration list for PBXProject "translateUI" */ = {
			isa = XCConfigurationList;
			buildConfigurations = (
				B0B43237220D730000C167CF /* Debug */,
				B0B43238220D730000C167CF /* Release */,
			);
			defaultConfigurationIsVisible = 0;
			defaultConfigurationName = Release;
		};
		B0B43239220D730000C167CF /* Build configuration list for PBXNativeTarget "translateUI" */ = {
			isa = XCConfigurationList;
			buildConfigurations = (
				B0B4323A220D730000C167CF /* Debug */,
				B0B4323B220D730000C167CF /* Release */,
			);
			defaultConfigurationIsVisible = 0;
			defaultConfigurationName = Release;
		};
/* End XCConfigurationList section */
	};
	rootObject = B0B4321F220D72FE00C167CF /* Project object */;
}
