// !$*UTF8*$!
{
	archiveVersion = 1;
	classes = {
	};
	objectVersion = 50;
	objects = {

/* Begin PBXBuildFile section */
		A487D0AC21F317470068A822 /* AppDelegate.swift in Sources */ = {isa = PBXBuildFile; fileRef = A487D0AB21F317470068A822 /* AppDelegate.swift */; };
		A487D0AE21F317470068A822 /* ViewController.swift in Sources */ = {isa = PBXBuildFile; fileRef = A487D0AD21F317470068A822 /* ViewController.swift */; };
		A487D0B121F317470068A822 /* Main.storyboard in Resources */ = {isa = PBXBuildFile; fileRef = A487D0AF21F317470068A822 /* Main.storyboard */; };
		A487D0B321F3174A0068A822 /* Assets.xcassets in Resources */ = {isa = PBXBuildFile; fileRef = A487D0B221F3174A0068A822 /* Assets.xcassets */; };
		A487D0B621F3174A0068A822 /* LaunchScreen.storyboard in Resources */ = {isa = PBXBuildFile; fileRef = A487D0B421F3174A0068A822 /* LaunchScreen.storyboard */; };
		A487D0C121F3174A0068A822 /* TouchIdTests.swift in Sources */ = {isa = PBXBuildFile; fileRef = A487D0C021F3174A0068A822 /* TouchIdTests.swift */; };
		A487D0CC21F3174B0068A822 /* TouchIdUITests.swift in Sources */ = {isa = PBXBuildFile; fileRef = A487D0CB21F3174B0068A822 /* TouchIdUITests.swift */; };
/* End PBXBuildFile section */

/* Begin PBXContainerItemProxy section */
		A487D0BD21F3174A0068A822 /* PBXContainerItemProxy */ = {
			isa = PBXContainerItemProxy;
			containerPortal = A487D0A021F317470068A822 /* Project object */;
			proxyType = 1;
			remoteGlobalIDString = A487D0A721F317470068A822;
			remoteInfo = TouchId;
		};
		A487D0C821F3174B0068A822 /* PBXContainerItemProxy */ = {
			isa = PBXContainerItemProxy;
			containerPortal = A487D0A021F317470068A822 /* Project object */;
			proxyType = 1;
			remoteGlobalIDString = A487D0A721F317470068A822;
			remoteInfo = TouchId;
		};
/* End PBXContainerItemProxy section */

/* Begin PBXFileReference section */
		A487D0A821F317470068A822 /* TouchId.app */ = {isa = PBXFileReference; explicitFileType = wrapper.application; includeInIndex = 0; path = TouchId.app; sourceTree = BUILT_PRODUCTS_DIR; };
		A487D0AB21F317470068A822 /* AppDelegate.swift */ = {isa = PBXFileReference; lastKnownFileType = sourcecode.swift; path = AppDelegate.swift; sourceTree = "<group>"; };
		A487D0AD21F317470068A822 /* ViewController.swift */ = {isa = PBXFileReference; lastKnownFileType = sourcecode.swift; path = ViewController.swift; sourceTree = "<group>"; };
		A487D0B021F317470068A822 /* Base */ = {isa = PBXFileReference; lastKnownFileType = file.storyboard; name = Base; path = Base.lproj/Main.storyboard; sourceTree = "<group>"; };
		A487D0B221F3174A0068A822 /* Assets.xcassets */ = {isa = PBXFileReference; lastKnownFileType = folder.assetcatalog; path = Assets.xcassets; sourceTree = "<group>"; };
		A487D0B521F3174A0068A822 /* Base */ = {isa = PBXFileReference; lastKnownFileType = file.storyboard; name = Base; path = Base.lproj/LaunchScreen.storyboard; sourceTree = "<group>"; };
		A487D0B721F3174A0068A822 /* Info.plist */ = {isa = PBXFileReference; lastKnownFileType = text.plist.xml; path = Info.plist; sourceTree = "<group>"; };
		A487D0BC21F3174A0068A822 /* TouchIdTests.xctest */ = {isa = PBXFileReference; explicitFileType = wrapper.cfbundle; includeInIndex = 0; path = TouchIdTests.xctest; sourceTree = BUILT_PRODUCTS_DIR; };
		A487D0C021F3174A0068A822 /* TouchIdTests.swift */ = {isa = PBXFileReference; lastKnownFileType = sourcecode.swift; path = TouchIdTests.swift; sourceTree = "<group>"; };
		A487D0C221F3174A0068A822 /* Info.plist */ = {isa = PBXFileReference; lastKnownFileType = text.plist.xml; path = Info.plist; sourceTree = "<group>"; };
		A487D0C721F3174B0068A822 /* TouchIdUITests.xctest */ = {isa = PBXFileReference; explicitFileType = wrapper.cfbundle; includeInIndex = 0; path = TouchIdUITests.xctest; sourceTree = BUILT_PRODUCTS_DIR; };
		A487D0CB21F3174B0068A822 /* TouchIdUITests.swift */ = {isa = PBXFileReference; lastKnownFileType = sourcecode.swift; path = TouchIdUITests.swift; sourceTree = "<group>"; };
		A487D0CD21F3174B0068A822 /* Info.plist */ = {isa = PBXFileReference; lastKnownFileType = text.plist.xml; path = Info.plist; sourceTree = "<group>"; };
/* End PBXFileReference section */

/* Begin PBXFrameworksBuildPhase section */
		A487D0A521F317470068A822 /* Frameworks */ = {
			isa = PBXFrameworksBuildPhase;
			buildActionMask = 2147483647;
			files = (
			);
			runOnlyForDeploymentPostprocessing = 0;
		};
		A487D0B921F3174A0068A822 /* Frameworks */ = {
			isa = PBXFrameworksBuildPhase;
			buildActionMask = 2147483647;
			files = (
			);
			runOnlyForDeploymentPostprocessing = 0;
		};
		A487D0C421F3174B0068A822 /* Frameworks */ = {
			isa = PBXFrameworksBuildPhase;
			buildActionMask = 2147483647;
			files = (
			);
			runOnlyForDeploymentPostprocessing = 0;
		};
/* End PBXFrameworksBuildPhase section */

/* Begin PBXGroup section */
		A487D09F21F317470068A822 = {
			isa = PBXGroup;
			children = (
				A487D0AA21F317470068A822 /* TouchId */,
				A487D0BF21F3174A0068A822 /* TouchIdTests */,
				A487D0CA21F3174B0068A822 /* TouchIdUITests */,
				A487D0A921F317470068A822 /* Products */,
			);
			sourceTree = "<group>";
		};
		A487D0A921F317470068A822 /* Products */ = {
			isa = PBXGroup;
			children = (
				A487D0A821F317470068A822 /* TouchId.app */,
				A487D0BC21F3174A0068A822 /* TouchIdTests.xctest */,
				A487D0C721F3174B0068A822 /* TouchIdUITests.xctest */,
			);
			name = Products;
			sourceTree = "<group>";
		};
		A487D0AA21F317470068A822 /* TouchId */ = {
			isa = PBXGroup;
			children = (
				A487D0AB21F317470068A822 /* AppDelegate.swift */,
				A487D0AD21F317470068A822 /* ViewController.swift */,
				A487D0AF21F317470068A822 /* Main.storyboard */,
				A487D0B221F3174A0068A822 /* Assets.xcassets */,
				A487D0B421F3174A0068A822 /* LaunchScreen.storyboard */,
				A487D0B721F3174A0068A822 /* Info.plist */,
			);
			path = TouchId;
			sourceTree = "<group>";
		};
		A487D0BF21F3174A0068A822 /* TouchIdTests */ = {
			isa = PBXGroup;
			children = (
				A487D0C021F3174A0068A822 /* TouchIdTests.swift */,
				A487D0C221F3174A0068A822 /* Info.plist */,
			);
			path = TouchIdTests;
			sourceTree = "<group>";
		};
		A487D0CA21F3174B0068A822 /* TouchIdUITests */ = {
			isa = PBXGroup;
			children = (
				A487D0CB21F3174B0068A822 /* TouchIdUITests.swift */,
				A487D0CD21F3174B0068A822 /* Info.plist */,
			);
			path = TouchIdUITests;
			sourceTree = "<group>";
		};
/* End PBXGroup section */

/* Begin PBXNativeTarget section */
		A487D0A721F317470068A822 /* TouchId */ = {
			isa = PBXNativeTarget;
			buildConfigurationList = A487D0D021F3174B0068A822 /* Build configuration list for PBXNativeTarget "TouchId" */;
			buildPhases = (
				A487D0A421F317470068A822 /* Sources */,
				A487D0A521F317470068A822 /* Frameworks */,
				A487D0A621F317470068A822 /* Resources */,
			);
			buildRules = (
			);
			dependencies = (
			);
			name = TouchId;
			productName = TouchId;
			productReference = A487D0A821F317470068A822 /* TouchId.app */;
			productType = "com.apple.product-type.application";
		};
		A487D0BB21F3174A0068A822 /* TouchIdTests */ = {
			isa = PBXNativeTarget;
			buildConfigurationList = A487D0D321F3174B0068A822 /* Build configuration list for PBXNativeTarget "TouchIdTests" */;
			buildPhases = (
				A487D0B821F3174A0068A822 /* Sources */,
				A487D0B921F3174A0068A822 /* Frameworks */,
				A487D0BA21F3174A0068A822 /* Resources */,
			);
			buildRules = (
			);
			dependencies = (
				A487D0BE21F3174A0068A822 /* PBXTargetDependency */,
			);
			name = TouchIdTests;
			productName = TouchIdTests;
			productReference = A487D0BC21F3174A0068A822 /* TouchIdTests.xctest */;
			productType = "com.apple.product-type.bundle.unit-test";
		};
		A487D0C621F3174B0068A822 /* TouchIdUITests */ = {
			isa = PBXNativeTarget;
			buildConfigurationList = A487D0D621F3174B0068A822 /* Build configuration list for PBXNativeTarget "TouchIdUITests" */;
			buildPhases = (
				A487D0C321F3174B0068A822 /* Sources */,
				A487D0C421F3174B0068A822 /* Frameworks */,
				A487D0C521F3174B0068A822 /* Resources */,
			);
			buildRules = (
			);
			dependencies = (
				A487D0C921F3174B0068A822 /* PBXTargetDependency */,
			);
			name = TouchIdUITests;
			productName = TouchIdUITests;
			productReference = A487D0C721F3174B0068A822 /* TouchIdUITests.xctest */;
			productType = "com.apple.product-type.bundle.ui-testing";
		};
/* End PBXNativeTarget section */

/* Begin PBXProject section */
		A487D0A021F317470068A822 /* Project object */ = {
			isa = PBXProject;
			attributes = {
				LastSwiftUpdateCheck = 1010;
				LastUpgradeCheck = 1010;
				ORGANIZATIONNAME = "Raghu ram mahathi";
				TargetAttributes = {
					A487D0A721F317470068A822 = {
						CreatedOnToolsVersion = 10.1;
					};
					A487D0BB21F3174A0068A822 = {
						CreatedOnToolsVersion = 10.1;
						TestTargetID = A487D0A721F317470068A822;
					};
					A487D0C621F3174B0068A822 = {
						CreatedOnToolsVersion = 10.1;
						TestTargetID = A487D0A721F317470068A822;
					};
				};
			};
			buildConfigurationList = A487D0A321F317470068A822 /* Build configuration list for PBXProject "TouchId" */;
			compatibilityVersion = "Xcode 9.3";
			developmentRegion = en;
			hasScannedForEncodings = 0;
			knownRegions = (
				en,
				Base,
			);
			mainGroup = A487D09F21F317470068A822;
			productRefGroup = A487D0A921F317470068A822 /* Products */;
			projectDirPath = "";
			projectRoot = "";
			targets = (
				A487D0A721F317470068A822 /* TouchId */,
				A487D0BB21F3174A0068A822 /* TouchIdTests */,
				A487D0C621F3174B0068A822 /* TouchIdUITests */,
			);
		};
/* End PBXProject section */

/* Begin PBXResourcesBuildPhase section */
		A487D0A621F317470068A822 /* Resources */ = {
			isa = PBXResourcesBuildPhase;
			buildActionMask = 2147483647;
			files = (
				A487D0B621F3174A0068A822 /* LaunchScreen.storyboard in Resources */,
				A487D0B321F3174A0068A822 /* Assets.xcassets in Resources */,
				A487D0B121F317470068A822 /* Main.storyboard in Resources */,
			);
			runOnlyForDeploymentPostprocessing = 0;
		};
		A487D0BA21F3174A0068A822 /* Resources */ = {
			isa = PBXResourcesBuildPhase;
			buildActionMask = 2147483647;
			files = (
			);
			runOnlyForDeploymentPostprocessing = 0;
		};
		A487D0C521F3174B0068A822 /* Resources */ = {
			isa = PBXResourcesBuildPhase;
			buildActionMask = 2147483647;
			files = (
			);
			runOnlyForDeploymentPostprocessing = 0;
		};
/* End PBXResourcesBuildPhase section */

/* Begin PBXSourcesBuildPhase section */
		A487D0A421F317470068A822 /* Sources */ = {
			isa = PBXSourcesBuildPhase;
			buildActionMask = 2147483647;
			files = (
				A487D0AE21F317470068A822 /* ViewController.swift in Sources */,
				A487D0AC21F317470068A822 /* AppDelegate.swift in Sources */,
			);
			runOnlyForDeploymentPostprocessing = 0;
		};
		A487D0B821F3174A0068A822 /* Sources */ = {
			isa = PBXSourcesBuildPhase;
			buildActionMask = 2147483647;
			files = (
				A487D0C121F3174A0068A822 /* TouchIdTests.swift in Sources */,
			);
			runOnlyForDeploymentPostprocessing = 0;
		};
		A487D0C321F3174B0068A822 /* Sources */ = {
			isa = PBXSourcesBuildPhase;
			buildActionMask = 2147483647;
			files = (
				A487D0CC21F3174B0068A822 /* TouchIdUITests.swift in Sources */,
			);
			runOnlyForDeploymentPostprocessing = 0;
		};
/* End PBXSourcesBuildPhase section */

/* Begin PBXTargetDependency section */
		A487D0BE21F3174A0068A822 /* PBXTargetDependency */ = {
			isa = PBXTargetDependency;
			target = A487D0A721F317470068A822 /* TouchId */;
			targetProxy = A487D0BD21F3174A0068A822 /* PBXContainerItemProxy */;
		};
		A487D0C921F3174B0068A822 /* PBXTargetDependency */ = {
			isa = PBXTargetDependency;
			target = A487D0A721F317470068A822 /* TouchId */;
			targetProxy = A487D0C821F3174B0068A822 /* PBXContainerItemProxy */;
		};
/* End PBXTargetDependency section */

/* Begin PBXVariantGroup section */
		A487D0AF21F317470068A822 /* Main.storyboard */ = {
			isa = PBXVariantGroup;
			children = (
				A487D0B021F317470068A822 /* Base */,
			);
			name = Main.storyboard;
			sourceTree = "<group>";
		};
		A487D0B421F3174A0068A822 /* LaunchScreen.storyboard */ = {
			isa = PBXVariantGroup;
			children = (
				A487D0B521F3174A0068A822 /* Base */,
			);
			name = LaunchScreen.storyboard;
			sourceTree = "<group>";
		};
/* End PBXVariantGroup section */

/* Begin XCBuildConfiguration section */
		A487D0CE21F3174B0068A822 /* Debug */ = {
			isa = XCBuildConfiguration;
			buildSettings = {
				ALWAYS_SEARCH_USER_PATHS = NO;
				CLANG_ANALYZER_NONNULL = YES;
				CLANG_ANALYZER_NUMBER_OBJECT_CONVERSION = YES_AGGRESSIVE;
				CLANG_CXX_LANGUAGE_STANDARD = "gnu++14";
				CLANG_CXX_LIBRARY = "libc++";
				CLANG_ENABLE_MODULES = YES;
				CLANG_ENABLE_OBJC_ARC = YES;
				CLANG_ENABLE_OBJC_WEAK = YES;
				CLANG_WARN_BLOCK_CAPTURE_AUTORELEASING = YES;
				CLANG_WARN_BOOL_CONVERSION = YES;
				CLANG_WARN_COMMA = YES;
				CLANG_WARN_CONSTANT_CONVERSION = YES;
				CLANG_WARN_DEPRECATED_OBJC_IMPLEMENTATIONS = YES;
				CLANG_WARN_DIRECT_OBJC_ISA_USAGE = YES_ERROR;
				CLANG_WARN_DOCUMENTATION_COMMENTS = YES;
				CLANG_WARN_EMPTY_BODY = YES;
				CLANG_WARN_ENUM_CONVERSION = YES;
				CLANG_WARN_INFINITE_RECURSION = YES;
				CLANG_WARN_INT_CONVERSION = YES;
				CLANG_WARN_NON_LITERAL_NULL_CONVERSION = YES;
				CLANG_WARN_OBJC_IMPLICIT_RETAIN_SELF = YES;
				CLANG_WARN_OBJC_LITERAL_CONVERSION = YES;
				CLANG_WARN_OBJC_ROOT_CLASS = YES_ERROR;
				CLANG_WARN_RANGE_LOOP_ANALYSIS = YES;
				CLANG_WARN_STRICT_PROTOTYPES = YES;
				CLANG_WARN_SUSPICIOUS_MOVE = YES;
				CLANG_WARN_UNGUARDED_AVAILABILITY = YES_AGGRESSIVE;
				CLANG_WARN_UNREACHABLE_CODE = YES;
				CLANG_WARN__DUPLICATE_METHOD_MATCH = YES;
				CODE_SIGN_IDENTITY = "iPhone Developer";
				COPY_PHASE_STRIP = NO;
				DEBUG_INFORMATION_FORMAT = dwarf;
				ENABLE_STRICT_OBJC_MSGSEND = YES;
				ENABLE_TESTABILITY = YES;
				GCC_C_LANGUAGE_STANDARD = gnu11;
				GCC_DYNAMIC_NO_PIC = NO;
				GCC_NO_COMMON_BLOCKS = YES;
				GCC_OPTIMIZATION_LEVEL = 0;
				GCC_PREPROCESSOR_DEFINITIONS = (
					"DEBUG=1",
					"$(inherited)",
				);
				GCC_WARN_64_TO_32_BIT_CONVERSION = YES;
				GCC_WARN_ABOUT_RETURN_TYPE = YES_ERROR;
				GCC_WARN_UNDECLARED_SELECTOR = YES;
				GCC_WARN_UNINITIALIZED_AUTOS = YES_AGGRESSIVE;
				GCC_WARN_UNUSED_FUNCTION = YES;
				GCC_WARN_UNUSED_VARIABLE = YES;
				IPHONEOS_DEPLOYMENT_TARGET = 12.1;
				MTL_ENABLE_DEBUG_INFO = INCLUDE_SOURCE;
				MTL_FAST_MATH = YES;
				ONLY_ACTIVE_ARCH = YES;
				SDKROOT = iphoneos;
				SWIFT_ACTIVE_COMPILATION_CONDITIONS = DEBUG;
				SWIFT_OPTIMIZATION_LEVEL = "-Onone";
			};
			name = Debug;
		};
		A487D0CF21F3174B0068A822 /* Release */ = {
			isa = XCBuildConfiguration;
			buildSettings = {
				ALWAYS_SEARCH_USER_PATHS = NO;
				CLANG_ANALYZER_NONNULL = YES;
				CLANG_ANALYZER_NUMBER_OBJECT_CONVERSION = YES_AGGRESSIVE;
				CLANG_CXX_LANGUAGE_STANDARD = "gnu++14";
				CLANG_CXX_LIBRARY = "libc++";
				CLANG_ENABLE_MODULES = YES;
				CLANG_ENABLE_OBJC_ARC = YES;
				CLANG_ENABLE_OBJC_WEAK = YES;
				CLANG_WARN_BLOCK_CAPTURE_AUTORELEASING = YES;
				CLANG_WARN_BOOL_CONVERSION = YES;
				CLANG_WARN_COMMA = YES;
				CLANG_WARN_CONSTANT_CONVERSION = YES;
				CLANG_WARN_DEPRECATED_OBJC_IMPLEMENTATIONS = YES;
				CLANG_WARN_DIRECT_OBJC_ISA_USAGE = YES_ERROR;
				CLANG_WARN_DOCUMENTATION_COMMENTS = YES;
				CLANG_WARN_EMPTY_BODY = YES;
				CLANG_WARN_ENUM_CONVERSION = YES;
				CLANG_WARN_INFINITE_RECURSION = YES;
				CLANG_WARN_INT_CONVERSION = YES;
				CLANG_WARN_NON_LITERAL_NULL_CONVERSION = YES;
				CLANG_WARN_OBJC_IMPLICIT_RETAIN_SELF = YES;
				CLANG_WARN_OBJC_LITERAL_CONVERSION = YES;
				CLANG_WARN_OBJC_ROOT_CLASS = YES_ERROR;
				CLANG_WARN_RANGE_LOOP_ANALYSIS = YES;
				CLANG_WARN_STRICT_PROTOTYPES = YES;
				CLANG_WARN_SUSPICIOUS_MOVE = YES;
				CLANG_WARN_UNGUARDED_AVAILABILITY = YES_AGGRESSIVE;
				CLANG_WARN_UNREACHABLE_CODE = YES;
				CLANG_WARN__DUPLICATE_METHOD_MATCH = YES;
				CODE_SIGN_IDENTITY = "iPhone Developer";
				COPY_PHASE_STRIP = NO;
				DEBUG_INFORMATION_FORMAT = "dwarf-with-dsym";
				ENABLE_NS_ASSERTIONS = NO;
				ENABLE_STRICT_OBJC_MSGSEND = YES;
				GCC_C_LANGUAGE_STANDARD = gnu11;
				GCC_NO_COMMON_BLOCKS = YES;
				GCC_WARN_64_TO_32_BIT_CONVERSION = YES;
				GCC_WARN_ABOUT_RETURN_TYPE = YES_ERROR;
				GCC_WARN_UNDECLARED_SELECTOR = YES;
				GCC_WARN_UNINITIALIZED_AUTOS = YES_AGGRESSIVE;
				GCC_WARN_UNUSED_FUNCTION = YES;
				GCC_WARN_UNUSED_VARIABLE = YES;
				IPHONEOS_DEPLOYMENT_TARGET = 12.1;
				MTL_ENABLE_DEBUG_INFO = NO;
				MTL_FAST_MATH = YES;
				SDKROOT = iphoneos;
				SWIFT_COMPILATION_MODE = wholemodule;
				SWIFT_OPTIMIZATION_LEVEL = "-O";
				VALIDATE_PRODUCT = YES;
			};
			name = Release;
		};
		A487D0D121F3174B0068A822 /* Debug */ = {
			isa = XCBuildConfiguration;
			buildSettings = {
				ASSETCATALOG_COMPILER_APPICON_NAME = AppIcon;
				CODE_SIGN_STYLE = Automatic;
				DEVELOPMENT_TEAM = 79266N28BT;
				INFOPLIST_FILE = TouchId/Info.plist;
				IPHONEOS_DEPLOYMENT_TARGET = 10.0;
				LD_RUNPATH_SEARCH_PATHS = (
					"$(inherited)",
					"@executable_path/Frameworks",
				);
				PRODUCT_BUNDLE_IDENTIFIER = sunarc.TouchId;
				PRODUCT_NAME = "$(TARGET_NAME)";
				SWIFT_VERSION = 4.2;
				TARGETED_DEVICE_FAMILY = "1,2";
			};
			name = Debug;
		};
		A487D0D221F3174B0068A822 /* Release */ = {
			isa = XCBuildConfiguration;
			buildSettings = {
				ASSETCATALOG_COMPILER_APPICON_NAME = AppIcon;
				CODE_SIGN_STYLE = Automatic;
				DEVELOPMENT_TEAM = 79266N28BT;
				INFOPLIST_FILE = TouchId/Info.plist;
				IPHONEOS_DEPLOYMENT_TARGET = 10.0;
				LD_RUNPATH_SEARCH_PATHS = (
					"$(inherited)",
					"@executable_path/Frameworks",
				);
				PRODUCT_BUNDLE_IDENTIFIER = sunarc.TouchId;
				PRODUCT_NAME = "$(TARGET_NAME)";
				SWIFT_VERSION = 4.2;
				TARGETED_DEVICE_FAMILY = "1,2";
			};
			name = Release;
		};
		A487D0D421F3174B0068A822 /* Debug */ = {
			isa = XCBuildConfiguration;
			buildSettings = {
				ALWAYS_EMBED_SWIFT_STANDARD_LIBRARIES = YES;
				BUNDLE_LOADER = "$(TEST_HOST)";
				CODE_SIGN_STYLE = Automatic;
				INFOPLIST_FILE = TouchIdTests/Info.plist;
				LD_RUNPATH_SEARCH_PATHS = (
					"$(inherited)",
					"@executable_path/Frameworks",
					"@loader_path/Frameworks",
				);
				PRODUCT_BUNDLE_IDENTIFIER = sunarc.TouchIdTests;
				PRODUCT_NAME = "$(TARGET_NAME)";
				SWIFT_VERSION = 4.2;
				TARGETED_DEVICE_FAMILY = "1,2";
				TEST_HOST = "$(BUILT_PRODUCTS_DIR)/TouchId.app/TouchId";
			};
			name = Debug;
		};
		A487D0D521F3174B0068A822 /* Release */ = {
			isa = XCBuildConfiguration;
			buildSettings = {
				ALWAYS_EMBED_SWIFT_STANDARD_LIBRARIES = YES;
				BUNDLE_LOADER = "$(TEST_HOST)";
				CODE_SIGN_STYLE = Automatic;
				INFOPLIST_FILE = TouchIdTests/Info.plist;
				LD_RUNPATH_SEARCH_PATHS = (
					"$(inherited)",
					"@executable_path/Frameworks",
					"@loader_path/Frameworks",
				);
				PRODUCT_BUNDLE_IDENTIFIER = sunarc.TouchIdTests;
				PRODUCT_NAME = "$(TARGET_NAME)";
				SWIFT_VERSION = 4.2;
				TARGETED_DEVICE_FAMILY = "1,2";
				TEST_HOST = "$(BUILT_PRODUCTS_DIR)/TouchId.app/TouchId";
			};
			name = Release;
		};
		A487D0D721F3174B0068A822 /* Debug */ = {
			isa = XCBuildConfiguration;
			buildSettings = {
				ALWAYS_EMBED_SWIFT_STANDARD_LIBRARIES = YES;
				CODE_SIGN_STYLE = Automatic;
				INFOPLIST_FILE = TouchIdUITests/Info.plist;
				LD_RUNPATH_SEARCH_PATHS = (
					"$(inherited)",
					"@executable_path/Frameworks",
					"@loader_path/Frameworks",
				);
				PRODUCT_BUNDLE_IDENTIFIER = sunarc.TouchIdUITests;
				PRODUCT_NAME = "$(TARGET_NAME)";
				SWIFT_VERSION = 4.2;
				TARGETED_DEVICE_FAMILY = "1,2";
				TEST_TARGET_NAME = TouchId;
			};
			name = Debug;
		};
		A487D0D821F3174B0068A822 /* Release */ = {
			isa = XCBuildConfiguration;
			buildSettings = {
				ALWAYS_EMBED_SWIFT_STANDARD_LIBRARIES = YES;
				CODE_SIGN_STYLE = Automatic;
				INFOPLIST_FILE = TouchIdUITests/Info.plist;
				LD_RUNPATH_SEARCH_PATHS = (
					"$(inherited)",
					"@executable_path/Frameworks",
					"@loader_path/Frameworks",
				);
				PRODUCT_BUNDLE_IDENTIFIER = sunarc.TouchIdUITests;
				PRODUCT_NAME = "$(TARGET_NAME)";
				SWIFT_VERSION = 4.2;
				TARGETED_DEVICE_FAMILY = "1,2";
				TEST_TARGET_NAME = TouchId;
			};
			name = Release;
		};
/* End XCBuildConfiguration section */

/* Begin XCConfigurationList section */
		A487D0A321F317470068A822 /* Build configuration list for PBXProject "TouchId" */ = {
			isa = XCConfigurationList;
			buildConfigurations = (
				A487D0CE21F3174B0068A822 /* Debug */,
				A487D0CF21F3174B0068A822 /* Release */,
			);
			defaultConfigurationIsVisible = 0;
			defaultConfigurationName = Release;
		};
		A487D0D021F3174B0068A822 /* Build configuration list for PBXNativeTarget "TouchId" */ = {
			isa = XCConfigurationList;
			buildConfigurations = (
				A487D0D121F3174B0068A822 /* Debug */,
				A487D0D221F3174B0068A822 /* Release */,
			);
			defaultConfigurationIsVisible = 0;
			defaultConfigurationName = Release;
		};
		A487D0D321F3174B0068A822 /* Build configuration list for PBXNativeTarget "TouchIdTests" */ = {
			isa = XCConfigurationList;
			buildConfigurations = (
				A487D0D421F3174B0068A822 /* Debug */,
				A487D0D521F3174B0068A822 /* Release */,
			);
			defaultConfigurationIsVisible = 0;
			defaultConfigurationName = Release;
		};
		A487D0D621F3174B0068A822 /* Build configuration list for PBXNativeTarget "TouchIdUITests" */ = {
			isa = XCConfigurationList;
			buildConfigurations = (
				A487D0D721F3174B0068A822 /* Debug */,
				A487D0D821F3174B0068A822 /* Release */,
			);
			defaultConfigurationIsVisible = 0;
			defaultConfigurationName = Release;
		};
/* End XCConfigurationList section */
	};
	rootObject = A487D0A021F317470068A822 /* Project object */;
}
